// !$*UTF8*$!
{
	archiveVersion = 1;
	classes = {
	};
	objectVersion = 46;
	objects = {

/* Begin PBXBuildFile section */
		D30DDB2D1994B897007A8A9C /* Foundation.framework in Frameworks */ = {isa = PBXBuildFile; fileRef = D30DDB2C1994B897007A8A9C /* Foundation.framework */; };
		D30DDB2F1994B897007A8A9C /* CoreGraphics.framework in Frameworks */ = {isa = PBXBuildFile; fileRef = D30DDB2E1994B897007A8A9C /* CoreGraphics.framework */; };
		D30DDB311994B897007A8A9C /* UIKit.framework in Frameworks */ = {isa = PBXBuildFile; fileRef = D30DDB301994B897007A8A9C /* UIKit.framework */; };
		D30DDB371994B897007A8A9C /* InfoPlist.strings in Resources */ = {isa = PBXBuildFile; fileRef = D30DDB351994B897007A8A9C /* InfoPlist.strings */; };
		D30DDB391994B897007A8A9C /* main.m in Sources */ = {isa = PBXBuildFile; fileRef = D30DDB381994B897007A8A9C /* main.m */; };
		D30DDB3D1994B897007A8A9C /* AppDelegate.m in Sources */ = {isa = PBXBuildFile; fileRef = D30DDB3C1994B897007A8A9C /* AppDelegate.m */; };
		D30DDB3F1994B897007A8A9C /* Images.xcassets in Resources */ = {isa = PBXBuildFile; fileRef = D30DDB3E1994B897007A8A9C /* Images.xcassets */; };
		D30DDB461994B897007A8A9C /* XCTest.framework in Frameworks */ = {isa = PBXBuildFile; fileRef = D30DDB451994B897007A8A9C /* XCTest.framework */; };
		D30DDB471994B897007A8A9C /* Foundation.framework in Frameworks */ = {isa = PBXBuildFile; fileRef = D30DDB2C1994B897007A8A9C /* Foundation.framework */; };
		D30DDB481994B897007A8A9C /* UIKit.framework in Frameworks */ = {isa = PBXBuildFile; fileRef = D30DDB301994B897007A8A9C /* UIKit.framework */; };
		D30DDB501994B897007A8A9C /* InfoPlist.strings in Resources */ = {isa = PBXBuildFile; fileRef = D30DDB4E1994B897007A8A9C /* InfoPlist.strings */; };
		D30DDB521994B897007A8A9C /* MUCHTests.m in Sources */ = {isa = PBXBuildFile; fileRef = D30DDB511994B897007A8A9C /* MUCHTests.m */; };
		D30DDB5E1994CCED007A8A9C /* HomePageViewController.m in Sources */ = {isa = PBXBuildFile; fileRef = D30DDB5D1994CCED007A8A9C /* HomePageViewController.m */; };
		D30DDB8C1995ED39007A8A9C /* 03-1_03.png in Resources */ = {isa = PBXBuildFile; fileRef = D30DDB601995ED39007A8A9C /* 03-1_03.png */; };
		D30DDB8D1995ED39007A8A9C /* 03-1_06.png in Resources */ = {isa = PBXBuildFile; fileRef = D30DDB611995ED39007A8A9C /* 03-1_06.png */; };
		D30DDB8E1995ED39007A8A9C /* 03-1_09.png in Resources */ = {isa = PBXBuildFile; fileRef = D30DDB621995ED39007A8A9C /* 03-1_09.png */; };
		D30DDB8F1995ED39007A8A9C /* 03-1_12.png in Resources */ = {isa = PBXBuildFile; fileRef = D30DDB631995ED39007A8A9C /* 03-1_12.png */; };
		D30DDB901995ED39007A8A9C /* 03-1_15.png in Resources */ = {isa = PBXBuildFile; fileRef = D30DDB641995ED39007A8A9C /* 03-1_15.png */; };
		D30DDB911995ED39007A8A9C /* 03-1_17.png in Resources */ = {isa = PBXBuildFile; fileRef = D30DDB651995ED39007A8A9C /* 03-1_17.png */; };
		D30DDB921995ED39007A8A9C /* 03-1_24.png in Resources */ = {isa = PBXBuildFile; fileRef = D30DDB661995ED39007A8A9C /* 03-1_24.png */; };
		D30DDB931995ED39007A8A9C /* 03-1_30.png in Resources */ = {isa = PBXBuildFile; fileRef = D30DDB671995ED39007A8A9C /* 03-1_30.png */; };
		D30DDB941995ED39007A8A9C /* 03-1_34.png in Resources */ = {isa = PBXBuildFile; fileRef = D30DDB681995ED39007A8A9C /* 03-1_34.png */; };
		D30DDB951995ED39007A8A9C /* 03_03.png in Resources */ = {isa = PBXBuildFile; fileRef = D30DDB691995ED39007A8A9C /* 03_03.png */; };
		D30DDB961995ED39007A8A9C /* 04_03.png in Resources */ = {isa = PBXBuildFile; fileRef = D30DDB6A1995ED39007A8A9C /* 04_03.png */; };
		D30DDB971995ED39007A8A9C /* 04_07.png in Resources */ = {isa = PBXBuildFile; fileRef = D30DDB6B1995ED39007A8A9C /* 04_07.png */; };
		D30DDB981995ED39007A8A9C /* 04_09.png in Resources */ = {isa = PBXBuildFile; fileRef = D30DDB6C1995ED39007A8A9C /* 04_09.png */; };
		D30DDB991995ED39007A8A9C /* 04_14.png in Resources */ = {isa = PBXBuildFile; fileRef = D30DDB6D1995ED39007A8A9C /* 04_14.png */; };
		D30DDB9A1995ED39007A8A9C /* 04_17.png in Resources */ = {isa = PBXBuildFile; fileRef = D30DDB6E1995ED39007A8A9C /* 04_17.png */; };
		D30DDB9B1995ED39007A8A9C /* 04_20.png in Resources */ = {isa = PBXBuildFile; fileRef = D30DDB6F1995ED39007A8A9C /* 04_20.png */; };
		D30DDB9C1995ED39007A8A9C /* 04_23.png in Resources */ = {isa = PBXBuildFile; fileRef = D30DDB701995ED39007A8A9C /* 04_23.png */; };
		D30DDB9D1995ED39007A8A9C /* 04_26.png in Resources */ = {isa = PBXBuildFile; fileRef = D30DDB711995ED39007A8A9C /* 04_26.png */; };
		D30DDB9E1995ED39007A8A9C /* 04_32.png in Resources */ = {isa = PBXBuildFile; fileRef = D30DDB721995ED39007A8A9C /* 04_32.png */; };
		D30DDB9F1995ED39007A8A9C /* 04_35.png in Resources */ = {isa = PBXBuildFile; fileRef = D30DDB731995ED39007A8A9C /* 04_35.png */; };
		D30DDBA01995ED39007A8A9C /* 06_03.png in Resources */ = {isa = PBXBuildFile; fileRef = D30DDB741995ED39007A8A9C /* 06_03.png */; };
		D30DDBA11995ED39007A8A9C /* 06_06.png in Resources */ = {isa = PBXBuildFile; fileRef = D30DDB751995ED39007A8A9C /* 06_06.png */; };
		D30DDBA21995ED39007A8A9C /* 06_11.png in Resources */ = {isa = PBXBuildFile; fileRef = D30DDB761995ED39007A8A9C /* 06_11.png */; };
		D30DDBA31995ED39007A8A9C /* 06_15.png in Resources */ = {isa = PBXBuildFile; fileRef = D30DDB771995ED39007A8A9C /* 06_15.png */; };
		D30DDBA41995ED39007A8A9C /* 06_18.png in Resources */ = {isa = PBXBuildFile; fileRef = D30DDB781995ED39007A8A9C /* 06_18.png */; };
		D30DDBA51995ED39007A8A9C /* 07_03.png in Resources */ = {isa = PBXBuildFile; fileRef = D30DDB791995ED39007A8A9C /* 07_03.png */; };
		D30DDBA61995ED39007A8A9C /* 07_07.png in Resources */ = {isa = PBXBuildFile; fileRef = D30DDB7A1995ED39007A8A9C /* 07_07.png */; };
		D30DDBA71995ED39007A8A9C /* 07_11.png in Resources */ = {isa = PBXBuildFile; fileRef = D30DDB7B1995ED39007A8A9C /* 07_11.png */; };
		D30DDBA81995ED39007A8A9C /* 07_13.png in Resources */ = {isa = PBXBuildFile; fileRef = D30DDB7C1995ED39007A8A9C /* 07_13.png */; };
		D30DDBA91995ED39007A8A9C /* 07_15.png in Resources */ = {isa = PBXBuildFile; fileRef = D30DDB7D1995ED39007A8A9C /* 07_15.png */; };
		D30DDBAA1995ED39007A8A9C /* 07_17.png in Resources */ = {isa = PBXBuildFile; fileRef = D30DDB7E1995ED39007A8A9C /* 07_17.png */; };
		D30DDBAB1995ED39007A8A9C /* 09-1_03.png in Resources */ = {isa = PBXBuildFile; fileRef = D30DDB7F1995ED39007A8A9C /* 09-1_03.png */; };
		D30DDBAC1995ED39007A8A9C /* 09-1_07.png in Resources */ = {isa = PBXBuildFile; fileRef = D30DDB801995ED39007A8A9C /* 09-1_07.png */; };
		D30DDBAD1995ED39007A8A9C /* 09-1_11.png in Resources */ = {isa = PBXBuildFile; fileRef = D30DDB811995ED39007A8A9C /* 09-1_11.png */; };
		D30DDBAE1995ED39007A8A9C /* 09-2_03.png in Resources */ = {isa = PBXBuildFile; fileRef = D30DDB821995ED39007A8A9C /* 09-2_03.png */; };
		D30DDBAF1995ED39007A8A9C /* 09-2_07.png in Resources */ = {isa = PBXBuildFile; fileRef = D30DDB831995ED39007A8A9C /* 09-2_07.png */; };
		D30DDBB01995ED39007A8A9C /* 09-2_11.png in Resources */ = {isa = PBXBuildFile; fileRef = D30DDB841995ED39007A8A9C /* 09-2_11.png */; };
		D30DDBB11995ED39007A8A9C /* 09-2_15.png in Resources */ = {isa = PBXBuildFile; fileRef = D30DDB851995ED39007A8A9C /* 09-2_15.png */; };
		D30DDBB21995ED39007A8A9C /* 09-2_19.png in Resources */ = {isa = PBXBuildFile; fileRef = D30DDB861995ED39007A8A9C /* 09-2_19.png */; };
		D30DDBB31995ED39007A8A9C /* 09_03.png in Resources */ = {isa = PBXBuildFile; fileRef = D30DDB871995ED39007A8A9C /* 09_03.png */; };
		D30DDBB41995ED39007A8A9C /* 09_06.png in Resources */ = {isa = PBXBuildFile; fileRef = D30DDB881995ED39007A8A9C /* 09_06.png */; };
		D30DDBB51995ED39007A8A9C /* 09_08.png in Resources */ = {isa = PBXBuildFile; fileRef = D30DDB891995ED39007A8A9C /* 09_08.png */; };
		D30DDBB61995ED39007A8A9C /* 12_03.png in Resources */ = {isa = PBXBuildFile; fileRef = D30DDB8A1995ED39007A8A9C /* 12_03.png */; };
		D30DDBB71995ED39007A8A9C /* 12_06.png in Resources */ = {isa = PBXBuildFile; fileRef = D30DDB8B1995ED39007A8A9C /* 12_06.png */; };
		D30DDBBA1996230C007A8A9C /* HomePageTableViewCell.m in Sources */ = {isa = PBXBuildFile; fileRef = D30DDBB91996230C007A8A9C /* HomePageTableViewCell.m */; };
		D361D50F19984F1C004B86AF /* HomePageTopView.m in Sources */ = {isa = PBXBuildFile; fileRef = D361D50E19984F1C004B86AF /* HomePageTopView.m */; };
		D361D51219985A72004B86AF /* HomePageTopContentView.m in Sources */ = {isa = PBXBuildFile; fileRef = D361D51119985A72004B86AF /* HomePageTopContentView.m */; };
		D361D51519986C9A004B86AF /* 字_03.png in Resources */ = {isa = PBXBuildFile; fileRef = D361D51319986C9A004B86AF /* 字_03.png */; };
		D361D51619986C9A004B86AF /* 字2_03.png in Resources */ = {isa = PBXBuildFile; fileRef = D361D51419986C9A004B86AF /* 字2_03.png */; };
		D361D51919987A3B004B86AF /* Camera.m in Sources */ = {isa = PBXBuildFile; fileRef = D361D51819987A3B004B86AF /* Camera.m */; };
		D361D51D19987D2C004B86AF /* ReleasePageViewController.m in Sources */ = {isa = PBXBuildFile; fileRef = D361D51C19987D2C004B86AF /* ReleasePageViewController.m */; };
		D361D51F1998897F004B86AF /* 04-1_03.png in Resources */ = {isa = PBXBuildFile; fileRef = D361D51E1998897F004B86AF /* 04-1_03.png */; };
		D361D5231998898B004B86AF /* 03-2_03.png in Resources */ = {isa = PBXBuildFile; fileRef = D361D5201998898B004B86AF /* 03-2_03.png */; };
		D361D5241998898B004B86AF /* 03-2_07.png in Resources */ = {isa = PBXBuildFile; fileRef = D361D5211998898B004B86AF /* 03-2_07.png */; };
		D361D5251998898B004B86AF /* 03-2_11.png in Resources */ = {isa = PBXBuildFile; fileRef = D361D5221998898B004B86AF /* 03-2_11.png */; };
		D361D52719988FDD004B86AF /* _03.png in Resources */ = {isa = PBXBuildFile; fileRef = D361D52619988FDD004B86AF /* _03.png */; };
/* End PBXBuildFile section */

/* Begin PBXContainerItemProxy section */
		D30DDB491994B897007A8A9C /* PBXContainerItemProxy */ = {
			isa = PBXContainerItemProxy;
			containerPortal = D30DDB211994B897007A8A9C /* Project object */;
			proxyType = 1;
			remoteGlobalIDString = D30DDB281994B897007A8A9C;
			remoteInfo = MUCH;
		};
/* End PBXContainerItemProxy section */

/* Begin PBXFileReference section */
		D30DDB291994B897007A8A9C /* MUCH.app */ = {isa = PBXFileReference; explicitFileType = wrapper.application; includeInIndex = 0; path = MUCH.app; sourceTree = BUILT_PRODUCTS_DIR; };
		D30DDB2C1994B897007A8A9C /* Foundation.framework */ = {isa = PBXFileReference; lastKnownFileType = wrapper.framework; name = Foundation.framework; path = System/Library/Frameworks/Foundation.framework; sourceTree = SDKROOT; };
		D30DDB2E1994B897007A8A9C /* CoreGraphics.framework */ = {isa = PBXFileReference; lastKnownFileType = wrapper.framework; name = CoreGraphics.framework; path = System/Library/Frameworks/CoreGraphics.framework; sourceTree = SDKROOT; };
		D30DDB301994B897007A8A9C /* UIKit.framework */ = {isa = PBXFileReference; lastKnownFileType = wrapper.framework; name = UIKit.framework; path = System/Library/Frameworks/UIKit.framework; sourceTree = SDKROOT; };
		D30DDB341994B897007A8A9C /* MUCH-Info.plist */ = {isa = PBXFileReference; lastKnownFileType = text.plist.xml; path = "MUCH-Info.plist"; sourceTree = "<group>"; };
		D30DDB361994B897007A8A9C /* en */ = {isa = PBXFileReference; lastKnownFileType = text.plist.strings; name = en; path = en.lproj/InfoPlist.strings; sourceTree = "<group>"; };
		D30DDB381994B897007A8A9C /* main.m */ = {isa = PBXFileReference; lastKnownFileType = sourcecode.c.objc; path = main.m; sourceTree = "<group>"; };
		D30DDB3A1994B897007A8A9C /* MUCH-Prefix.pch */ = {isa = PBXFileReference; lastKnownFileType = sourcecode.c.h; path = "MUCH-Prefix.pch"; sourceTree = "<group>"; };
		D30DDB3B1994B897007A8A9C /* AppDelegate.h */ = {isa = PBXFileReference; lastKnownFileType = sourcecode.c.h; path = AppDelegate.h; sourceTree = "<group>"; };
		D30DDB3C1994B897007A8A9C /* AppDelegate.m */ = {isa = PBXFileReference; lastKnownFileType = sourcecode.c.objc; path = AppDelegate.m; sourceTree = "<group>"; };
		D30DDB3E1994B897007A8A9C /* Images.xcassets */ = {isa = PBXFileReference; lastKnownFileType = folder.assetcatalog; path = Images.xcassets; sourceTree = "<group>"; };
		D30DDB441994B897007A8A9C /* MUCHTests.xctest */ = {isa = PBXFileReference; explicitFileType = wrapper.cfbundle; includeInIndex = 0; path = MUCHTests.xctest; sourceTree = BUILT_PRODUCTS_DIR; };
		D30DDB451994B897007A8A9C /* XCTest.framework */ = {isa = PBXFileReference; lastKnownFileType = wrapper.framework; name = XCTest.framework; path = Library/Frameworks/XCTest.framework; sourceTree = DEVELOPER_DIR; };
		D30DDB4D1994B897007A8A9C /* MUCHTests-Info.plist */ = {isa = PBXFileReference; lastKnownFileType = text.plist.xml; path = "MUCHTests-Info.plist"; sourceTree = "<group>"; };
		D30DDB4F1994B897007A8A9C /* en */ = {isa = PBXFileReference; lastKnownFileType = text.plist.strings; name = en; path = en.lproj/InfoPlist.strings; sourceTree = "<group>"; };
		D30DDB511994B897007A8A9C /* MUCHTests.m */ = {isa = PBXFileReference; lastKnownFileType = sourcecode.c.objc; path = MUCHTests.m; sourceTree = "<group>"; };
		D30DDB5C1994CCED007A8A9C /* HomePageViewController.h */ = {isa = PBXFileReference; fileEncoding = 4; lastKnownFileType = sourcecode.c.h; path = HomePageViewController.h; sourceTree = "<group>"; };
		D30DDB5D1994CCED007A8A9C /* HomePageViewController.m */ = {isa = PBXFileReference; fileEncoding = 4; lastKnownFileType = sourcecode.c.objc; path = HomePageViewController.m; sourceTree = "<group>"; };
		D30DDB601995ED39007A8A9C /* 03-1_03.png */ = {isa = PBXFileReference; lastKnownFileType = image.png; path = "03-1_03.png"; sourceTree = "<group>"; };
		D30DDB611995ED39007A8A9C /* 03-1_06.png */ = {isa = PBXFileReference; lastKnownFileType = image.png; path = "03-1_06.png"; sourceTree = "<group>"; };
		D30DDB621995ED39007A8A9C /* 03-1_09.png */ = {isa = PBXFileReference; lastKnownFileType = image.png; path = "03-1_09.png"; sourceTree = "<group>"; };
		D30DDB631995ED39007A8A9C /* 03-1_12.png */ = {isa = PBXFileReference; lastKnownFileType = image.png; path = "03-1_12.png"; sourceTree = "<group>"; };
		D30DDB641995ED39007A8A9C /* 03-1_15.png */ = {isa = PBXFileReference; lastKnownFileType = image.png; path = "03-1_15.png"; sourceTree = "<group>"; };
		D30DDB651995ED39007A8A9C /* 03-1_17.png */ = {isa = PBXFileReference; lastKnownFileType = image.png; path = "03-1_17.png"; sourceTree = "<group>"; };
		D30DDB661995ED39007A8A9C /* 03-1_24.png */ = {isa = PBXFileReference; lastKnownFileType = image.png; path = "03-1_24.png"; sourceTree = "<group>"; };
		D30DDB671995ED39007A8A9C /* 03-1_30.png */ = {isa = PBXFileReference; lastKnownFileType = image.png; path = "03-1_30.png"; sourceTree = "<group>"; };
		D30DDB681995ED39007A8A9C /* 03-1_34.png */ = {isa = PBXFileReference; lastKnownFileType = image.png; path = "03-1_34.png"; sourceTree = "<group>"; };
		D30DDB691995ED39007A8A9C /* 03_03.png */ = {isa = PBXFileReference; lastKnownFileType = image.png; path = 03_03.png; sourceTree = "<group>"; };
		D30DDB6A1995ED39007A8A9C /* 04_03.png */ = {isa = PBXFileReference; lastKnownFileType = image.png; path = 04_03.png; sourceTree = "<group>"; };
		D30DDB6B1995ED39007A8A9C /* 04_07.png */ = {isa = PBXFileReference; lastKnownFileType = image.png; path = 04_07.png; sourceTree = "<group>"; };
		D30DDB6C1995ED39007A8A9C /* 04_09.png */ = {isa = PBXFileReference; lastKnownFileType = image.png; path = 04_09.png; sourceTree = "<group>"; };
		D30DDB6D1995ED39007A8A9C /* 04_14.png */ = {isa = PBXFileReference; lastKnownFileType = image.png; path = 04_14.png; sourceTree = "<group>"; };
		D30DDB6E1995ED39007A8A9C /* 04_17.png */ = {isa = PBXFileReference; lastKnownFileType = image.png; path = 04_17.png; sourceTree = "<group>"; };
		D30DDB6F1995ED39007A8A9C /* 04_20.png */ = {isa = PBXFileReference; lastKnownFileType = image.png; path = 04_20.png; sourceTree = "<group>"; };
		D30DDB701995ED39007A8A9C /* 04_23.png */ = {isa = PBXFileReference; lastKnownFileType = image.png; path = 04_23.png; sourceTree = "<group>"; };
		D30DDB711995ED39007A8A9C /* 04_26.png */ = {isa = PBXFileReference; lastKnownFileType = image.png; path = 04_26.png; sourceTree = "<group>"; };
		D30DDB721995ED39007A8A9C /* 04_32.png */ = {isa = PBXFileReference; lastKnownFileType = image.png; path = 04_32.png; sourceTree = "<group>"; };
		D30DDB731995ED39007A8A9C /* 04_35.png */ = {isa = PBXFileReference; lastKnownFileType = image.png; path = 04_35.png; sourceTree = "<group>"; };
		D30DDB741995ED39007A8A9C /* 06_03.png */ = {isa = PBXFileReference; lastKnownFileType = image.png; path = 06_03.png; sourceTree = "<group>"; };
		D30DDB751995ED39007A8A9C /* 06_06.png */ = {isa = PBXFileReference; lastKnownFileType = image.png; path = 06_06.png; sourceTree = "<group>"; };
		D30DDB761995ED39007A8A9C /* 06_11.png */ = {isa = PBXFileReference; lastKnownFileType = image.png; path = 06_11.png; sourceTree = "<group>"; };
		D30DDB771995ED39007A8A9C /* 06_15.png */ = {isa = PBXFileReference; lastKnownFileType = image.png; path = 06_15.png; sourceTree = "<group>"; };
		D30DDB781995ED39007A8A9C /* 06_18.png */ = {isa = PBXFileReference; lastKnownFileType = image.png; path = 06_18.png; sourceTree = "<group>"; };
		D30DDB791995ED39007A8A9C /* 07_03.png */ = {isa = PBXFileReference; lastKnownFileType = image.png; path = 07_03.png; sourceTree = "<group>"; };
		D30DDB7A1995ED39007A8A9C /* 07_07.png */ = {isa = PBXFileReference; lastKnownFileType = image.png; path = 07_07.png; sourceTree = "<group>"; };
		D30DDB7B1995ED39007A8A9C /* 07_11.png */ = {isa = PBXFileReference; lastKnownFileType = image.png; path = 07_11.png; sourceTree = "<group>"; };
		D30DDB7C1995ED39007A8A9C /* 07_13.png */ = {isa = PBXFileReference; lastKnownFileType = image.png; path = 07_13.png; sourceTree = "<group>"; };
		D30DDB7D1995ED39007A8A9C /* 07_15.png */ = {isa = PBXFileReference; lastKnownFileType = image.png; path = 07_15.png; sourceTree = "<group>"; };
		D30DDB7E1995ED39007A8A9C /* 07_17.png */ = {isa = PBXFileReference; lastKnownFileType = image.png; path = 07_17.png; sourceTree = "<group>"; };
		D30DDB7F1995ED39007A8A9C /* 09-1_03.png */ = {isa = PBXFileReference; lastKnownFileType = image.png; path = "09-1_03.png"; sourceTree = "<group>"; };
		D30DDB801995ED39007A8A9C /* 09-1_07.png */ = {isa = PBXFileReference; lastKnownFileType = image.png; path = "09-1_07.png"; sourceTree = "<group>"; };
		D30DDB811995ED39007A8A9C /* 09-1_11.png */ = {isa = PBXFileReference; lastKnownFileType = image.png; path = "09-1_11.png"; sourceTree = "<group>"; };
		D30DDB821995ED39007A8A9C /* 09-2_03.png */ = {isa = PBXFileReference; lastKnownFileType = image.png; path = "09-2_03.png"; sourceTree = "<group>"; };
		D30DDB831995ED39007A8A9C /* 09-2_07.png */ = {isa = PBXFileReference; lastKnownFileType = image.png; path = "09-2_07.png"; sourceTree = "<group>"; };
		D30DDB841995ED39007A8A9C /* 09-2_11.png */ = {isa = PBXFileReference; lastKnownFileType = image.png; path = "09-2_11.png"; sourceTree = "<group>"; };
		D30DDB851995ED39007A8A9C /* 09-2_15.png */ = {isa = PBXFileReference; lastKnownFileType = image.png; path = "09-2_15.png"; sourceTree = "<group>"; };
		D30DDB861995ED39007A8A9C /* 09-2_19.png */ = {isa = PBXFileReference; lastKnownFileType = image.png; path = "09-2_19.png"; sourceTree = "<group>"; };
		D30DDB871995ED39007A8A9C /* 09_03.png */ = {isa = PBXFileReference; lastKnownFileType = image.png; path = 09_03.png; sourceTree = "<group>"; };
		D30DDB881995ED39007A8A9C /* 09_06.png */ = {isa = PBXFileReference; lastKnownFileType = image.png; path = 09_06.png; sourceTree = "<group>"; };
		D30DDB891995ED39007A8A9C /* 09_08.png */ = {isa = PBXFileReference; lastKnownFileType = image.png; path = 09_08.png; sourceTree = "<group>"; };
		D30DDB8A1995ED39007A8A9C /* 12_03.png */ = {isa = PBXFileReference; lastKnownFileType = image.png; path = 12_03.png; sourceTree = "<group>"; };
		D30DDB8B1995ED39007A8A9C /* 12_06.png */ = {isa = PBXFileReference; lastKnownFileType = image.png; path = 12_06.png; sourceTree = "<group>"; };
		D30DDBB81996230C007A8A9C /* HomePageTableViewCell.h */ = {isa = PBXFileReference; fileEncoding = 4; lastKnownFileType = sourcecode.c.h; path = HomePageTableViewCell.h; sourceTree = "<group>"; };
		D30DDBB91996230C007A8A9C /* HomePageTableViewCell.m */ = {isa = PBXFileReference; fileEncoding = 4; lastKnownFileType = sourcecode.c.objc; path = HomePageTableViewCell.m; sourceTree = "<group>"; };
		D361D50D19984F1C004B86AF /* HomePageTopView.h */ = {isa = PBXFileReference; fileEncoding = 4; lastKnownFileType = sourcecode.c.h; path = HomePageTopView.h; sourceTree = "<group>"; };
		D361D50E19984F1C004B86AF /* HomePageTopView.m */ = {isa = PBXFileReference; fileEncoding = 4; lastKnownFileType = sourcecode.c.objc; path = HomePageTopView.m; sourceTree = "<group>"; };
		D361D51019985A72004B86AF /* HomePageTopContentView.h */ = {isa = PBXFileReference; fileEncoding = 4; lastKnownFileType = sourcecode.c.h; path = HomePageTopContentView.h; sourceTree = "<group>"; };
		D361D51119985A72004B86AF /* HomePageTopContentView.m */ = {isa = PBXFileReference; fileEncoding = 4; lastKnownFileType = sourcecode.c.objc; path = HomePageTopContentView.m; sourceTree = "<group>"; };
		D361D51319986C9A004B86AF /* 字_03.png */ = {isa = PBXFileReference; lastKnownFileType = image.png; path = "字_03.png"; sourceTree = "<group>"; };
		D361D51419986C9A004B86AF /* 字2_03.png */ = {isa = PBXFileReference; lastKnownFileType = image.png; path = "字2_03.png"; sourceTree = "<group>"; };
		D361D51719987A3B004B86AF /* Camera.h */ = {isa = PBXFileReference; fileEncoding = 4; lastKnownFileType = sourcecode.c.h; path = Camera.h; sourceTree = "<group>"; };
		D361D51819987A3B004B86AF /* Camera.m */ = {isa = PBXFileReference; fileEncoding = 4; lastKnownFileType = sourcecode.c.objc; path = Camera.m; sourceTree = "<group>"; };
		D361D51B19987D2C004B86AF /* ReleasePageViewController.h */ = {isa = PBXFileReference; fileEncoding = 4; lastKnownFileType = sourcecode.c.h; path = ReleasePageViewController.h; sourceTree = "<group>"; };
		D361D51C19987D2C004B86AF /* ReleasePageViewController.m */ = {isa = PBXFileReference; fileEncoding = 4; lastKnownFileType = sourcecode.c.objc; path = ReleasePageViewController.m; sourceTree = "<group>"; };
		D361D51E1998897F004B86AF /* 04-1_03.png */ = {isa = PBXFileReference; lastKnownFileType = image.png; path = "04-1_03.png"; sourceTree = "<group>"; };
		D361D5201998898B004B86AF /* 03-2_03.png */ = {isa = PBXFileReference; lastKnownFileType = image.png; path = "03-2_03.png"; sourceTree = "<group>"; };
		D361D5211998898B004B86AF /* 03-2_07.png */ = {isa = PBXFileReference; lastKnownFileType = image.png; path = "03-2_07.png"; sourceTree = "<group>"; };
		D361D5221998898B004B86AF /* 03-2_11.png */ = {isa = PBXFileReference; lastKnownFileType = image.png; path = "03-2_11.png"; sourceTree = "<group>"; };
		D361D52619988FDD004B86AF /* _03.png */ = {isa = PBXFileReference; lastKnownFileType = image.png; path = _03.png; sourceTree = "<group>"; };
/* End PBXFileReference section */

/* Begin PBXFrameworksBuildPhase section */
		D30DDB261994B897007A8A9C /* Frameworks */ = {
			isa = PBXFrameworksBuildPhase;
			buildActionMask = 2147483647;
			files = (
				D30DDB2F1994B897007A8A9C /* CoreGraphics.framework in Frameworks */,
				D30DDB311994B897007A8A9C /* UIKit.framework in Frameworks */,
				D30DDB2D1994B897007A8A9C /* Foundation.framework in Frameworks */,
			);
			runOnlyForDeploymentPostprocessing = 0;
		};
		D30DDB411994B897007A8A9C /* Frameworks */ = {
			isa = PBXFrameworksBuildPhase;
			buildActionMask = 2147483647;
			files = (
				D30DDB461994B897007A8A9C /* XCTest.framework in Frameworks */,
				D30DDB481994B897007A8A9C /* UIKit.framework in Frameworks */,
				D30DDB471994B897007A8A9C /* Foundation.framework in Frameworks */,
			);
			runOnlyForDeploymentPostprocessing = 0;
		};
/* End PBXFrameworksBuildPhase section */

/* Begin PBXGroup section */
		D30DDB201994B897007A8A9C = {
			isa = PBXGroup;
			children = (
				D30DDB321994B897007A8A9C /* MUCH */,
				D30DDB4B1994B897007A8A9C /* MUCHTests */,
				D30DDB2B1994B897007A8A9C /* Frameworks */,
				D30DDB2A1994B897007A8A9C /* Products */,
			);
			sourceTree = "<group>";
		};
		D30DDB2A1994B897007A8A9C /* Products */ = {
			isa = PBXGroup;
			children = (
				D30DDB291994B897007A8A9C /* MUCH.app */,
				D30DDB441994B897007A8A9C /* MUCHTests.xctest */,
			);
			name = Products;
			sourceTree = "<group>";
		};
		D30DDB2B1994B897007A8A9C /* Frameworks */ = {
			isa = PBXGroup;
			children = (
				D30DDB2C1994B897007A8A9C /* Foundation.framework */,
				D30DDB2E1994B897007A8A9C /* CoreGraphics.framework */,
				D30DDB301994B897007A8A9C /* UIKit.framework */,
				D30DDB451994B897007A8A9C /* XCTest.framework */,
			);
			name = Frameworks;
			sourceTree = "<group>";
		};
		D30DDB321994B897007A8A9C /* MUCH */ = {
			isa = PBXGroup;
			children = (
				D361D51A19987D1D004B86AF /* ReleasePage */,
				D30DDB5B1994CC7D007A8A9C /* HomePage */,
				D30DDB3B1994B897007A8A9C /* AppDelegate.h */,
				D30DDB3C1994B897007A8A9C /* AppDelegate.m */,
				D30DDB3E1994B897007A8A9C /* Images.xcassets */,
				D30DDB331994B897007A8A9C /* Supporting Files */,
			);
			path = MUCH;
			sourceTree = "<group>";
		};
		D30DDB331994B897007A8A9C /* Supporting Files */ = {
			isa = PBXGroup;
			children = (
				D30DDB5F1995ED39007A8A9C /* images */,
				D30DDB341994B897007A8A9C /* MUCH-Info.plist */,
				D30DDB351994B897007A8A9C /* InfoPlist.strings */,
				D30DDB381994B897007A8A9C /* main.m */,
				D30DDB3A1994B897007A8A9C /* MUCH-Prefix.pch */,
			);
			name = "Supporting Files";
			sourceTree = "<group>";
		};
		D30DDB4B1994B897007A8A9C /* MUCHTests */ = {
			isa = PBXGroup;
			children = (
				D30DDB511994B897007A8A9C /* MUCHTests.m */,
				D30DDB4C1994B897007A8A9C /* Supporting Files */,
			);
			path = MUCHTests;
			sourceTree = "<group>";
		};
		D30DDB4C1994B897007A8A9C /* Supporting Files */ = {
			isa = PBXGroup;
			children = (
				D30DDB4D1994B897007A8A9C /* MUCHTests-Info.plist */,
				D30DDB4E1994B897007A8A9C /* InfoPlist.strings */,
			);
			name = "Supporting Files";
			sourceTree = "<group>";
		};
		D30DDB5B1994CC7D007A8A9C /* HomePage */ = {
			isa = PBXGroup;
			children = (
				D361D51719987A3B004B86AF /* Camera.h */,
				D361D51819987A3B004B86AF /* Camera.m */,
				D30DDB5C1994CCED007A8A9C /* HomePageViewController.h */,
				D30DDB5D1994CCED007A8A9C /* HomePageViewController.m */,
				D30DDBB81996230C007A8A9C /* HomePageTableViewCell.h */,
				D30DDBB91996230C007A8A9C /* HomePageTableViewCell.m */,
				D361D50D19984F1C004B86AF /* HomePageTopView.h */,
				D361D50E19984F1C004B86AF /* HomePageTopView.m */,
				D361D51019985A72004B86AF /* HomePageTopContentView.h */,
				D361D51119985A72004B86AF /* HomePageTopContentView.m */,
			);
			path = HomePage;
			sourceTree = "<group>";
		};
		D30DDB5F1995ED39007A8A9C /* images */ = {
			isa = PBXGroup;
			children = (
				D361D52619988FDD004B86AF /* _03.png */,
				D361D5201998898B004B86AF /* 03-2_03.png */,
				D361D5211998898B004B86AF /* 03-2_07.png */,
				D361D5221998898B004B86AF /* 03-2_11.png */,
				D361D51E1998897F004B86AF /* 04-1_03.png */,
				D361D51319986C9A004B86AF /* 字_03.png */,
				D361D51419986C9A004B86AF /* 字2_03.png */,
				D30DDB601995ED39007A8A9C /* 03-1_03.png */,
				D30DDB611995ED39007A8A9C /* 03-1_06.png */,
				D30DDB621995ED39007A8A9C /* 03-1_09.png */,
				D30DDB631995ED39007A8A9C /* 03-1_12.png */,
				D30DDB641995ED39007A8A9C /* 03-1_15.png */,
				D30DDB651995ED39007A8A9C /* 03-1_17.png */,
				D30DDB661995ED39007A8A9C /* 03-1_24.png */,
				D30DDB671995ED39007A8A9C /* 03-1_30.png */,
				D30DDB681995ED39007A8A9C /* 03-1_34.png */,
				D30DDB691995ED39007A8A9C /* 03_03.png */,
				D30DDB6A1995ED39007A8A9C /* 04_03.png */,
				D30DDB6B1995ED39007A8A9C /* 04_07.png */,
				D30DDB6C1995ED39007A8A9C /* 04_09.png */,
				D30DDB6D1995ED39007A8A9C /* 04_14.png */,
				D30DDB6E1995ED39007A8A9C /* 04_17.png */,
				D30DDB6F1995ED39007A8A9C /* 04_20.png */,
				D30DDB701995ED39007A8A9C /* 04_23.png */,
				D30DDB711995ED39007A8A9C /* 04_26.png */,
				D30DDB721995ED39007A8A9C /* 04_32.png */,
				D30DDB731995ED39007A8A9C /* 04_35.png */,
				D30DDB741995ED39007A8A9C /* 06_03.png */,
				D30DDB751995ED39007A8A9C /* 06_06.png */,
				D30DDB761995ED39007A8A9C /* 06_11.png */,
				D30DDB771995ED39007A8A9C /* 06_15.png */,
				D30DDB781995ED39007A8A9C /* 06_18.png */,
				D30DDB791995ED39007A8A9C /* 07_03.png */,
				D30DDB7A1995ED39007A8A9C /* 07_07.png */,
				D30DDB7B1995ED39007A8A9C /* 07_11.png */,
				D30DDB7C1995ED39007A8A9C /* 07_13.png */,
				D30DDB7D1995ED39007A8A9C /* 07_15.png */,
				D30DDB7E1995ED39007A8A9C /* 07_17.png */,
				D30DDB7F1995ED39007A8A9C /* 09-1_03.png */,
				D30DDB801995ED39007A8A9C /* 09-1_07.png */,
				D30DDB811995ED39007A8A9C /* 09-1_11.png */,
				D30DDB821995ED39007A8A9C /* 09-2_03.png */,
				D30DDB831995ED39007A8A9C /* 09-2_07.png */,
				D30DDB841995ED39007A8A9C /* 09-2_11.png */,
				D30DDB851995ED39007A8A9C /* 09-2_15.png */,
				D30DDB861995ED39007A8A9C /* 09-2_19.png */,
				D30DDB871995ED39007A8A9C /* 09_03.png */,
				D30DDB881995ED39007A8A9C /* 09_06.png */,
				D30DDB891995ED39007A8A9C /* 09_08.png */,
				D30DDB8A1995ED39007A8A9C /* 12_03.png */,
				D30DDB8B1995ED39007A8A9C /* 12_06.png */,
			);
			path = images;
			sourceTree = "<group>";
		};
		D361D51A19987D1D004B86AF /* ReleasePage */ = {
			isa = PBXGroup;
			children = (
				D361D51B19987D2C004B86AF /* ReleasePageViewController.h */,
				D361D51C19987D2C004B86AF /* ReleasePageViewController.m */,
			);
			path = ReleasePage;
			sourceTree = "<group>";
		};
/* End PBXGroup section */

/* Begin PBXNativeTarget section */
		D30DDB281994B897007A8A9C /* MUCH */ = {
			isa = PBXNativeTarget;
			buildConfigurationList = D30DDB551994B897007A8A9C /* Build configuration list for PBXNativeTarget "MUCH" */;
			buildPhases = (
				D30DDB251994B897007A8A9C /* Sources */,
				D30DDB261994B897007A8A9C /* Frameworks */,
				D30DDB271994B897007A8A9C /* Resources */,
			);
			buildRules = (
			);
			dependencies = (
			);
			name = MUCH;
			productName = MUCH;
			productReference = D30DDB291994B897007A8A9C /* MUCH.app */;
			productType = "com.apple.product-type.application";
		};
		D30DDB431994B897007A8A9C /* MUCHTests */ = {
			isa = PBXNativeTarget;
			buildConfigurationList = D30DDB581994B897007A8A9C /* Build configuration list for PBXNativeTarget "MUCHTests" */;
			buildPhases = (
				D30DDB401994B897007A8A9C /* Sources */,
				D30DDB411994B897007A8A9C /* Frameworks */,
				D30DDB421994B897007A8A9C /* Resources */,
			);
			buildRules = (
			);
			dependencies = (
				D30DDB4A1994B897007A8A9C /* PBXTargetDependency */,
			);
			name = MUCHTests;
			productName = MUCHTests;
			productReference = D30DDB441994B897007A8A9C /* MUCHTests.xctest */;
			productType = "com.apple.product-type.bundle.unit-test";
		};
/* End PBXNativeTarget section */

/* Begin PBXProject section */
		D30DDB211994B897007A8A9C /* Project object */ = {
			isa = PBXProject;
			attributes = {
				LastUpgradeCheck = 0510;
				ORGANIZATIONNAME = lanjr;
				TargetAttributes = {
					D30DDB281994B897007A8A9C = {
						DevelopmentTeam = 4ZYUXBS9ZB;
					};
					D30DDB431994B897007A8A9C = {
						TestTargetID = D30DDB281994B897007A8A9C;
					};
				};
			};
			buildConfigurationList = D30DDB241994B897007A8A9C /* Build configuration list for PBXProject "MUCH" */;
			compatibilityVersion = "Xcode 3.2";
			developmentRegion = English;
			hasScannedForEncodings = 0;
			knownRegions = (
				en,
			);
			mainGroup = D30DDB201994B897007A8A9C;
			productRefGroup = D30DDB2A1994B897007A8A9C /* Products */;
			projectDirPath = "";
			projectRoot = "";
			targets = (
				D30DDB281994B897007A8A9C /* MUCH */,
				D30DDB431994B897007A8A9C /* MUCHTests */,
			);
		};
/* End PBXProject section */

/* Begin PBXResourcesBuildPhase section */
		D30DDB271994B897007A8A9C /* Resources */ = {
			isa = PBXResourcesBuildPhase;
			buildActionMask = 2147483647;
			files = (
				D361D51F1998897F004B86AF /* 04-1_03.png in Resources */,
				D30DDBA61995ED39007A8A9C /* 07_07.png in Resources */,
				D30DDBAB1995ED39007A8A9C /* 09-1_03.png in Resources */,
				D30DDBAE1995ED39007A8A9C /* 09-2_03.png in Resources */,
				D30DDBB11995ED39007A8A9C /* 09-2_15.png in Resources */,
				D30DDB9A1995ED39007A8A9C /* 04_17.png in Resources */,
				D30DDB961995ED39007A8A9C /* 04_03.png in Resources */,
				D30DDB901995ED39007A8A9C /* 03-1_15.png in Resources */,
				D361D52719988FDD004B86AF /* _03.png in Resources */,
				D30DDBB41995ED39007A8A9C /* 09_06.png in Resources */,
				D30DDB941995ED39007A8A9C /* 03-1_34.png in Resources */,
				D361D5231998898B004B86AF /* 03-2_03.png in Resources */,
				D30DDB8D1995ED39007A8A9C /* 03-1_06.png in Resources */,
				D361D5241998898B004B86AF /* 03-2_07.png in Resources */,
				D361D51519986C9A004B86AF /* 字_03.png in Resources */,
				D30DDBA01995ED39007A8A9C /* 06_03.png in Resources */,
				D30DDBAC1995ED39007A8A9C /* 09-1_07.png in Resources */,
				D30DDB991995ED39007A8A9C /* 04_14.png in Resources */,
				D30DDBA91995ED39007A8A9C /* 07_15.png in Resources */,
				D30DDB9C1995ED39007A8A9C /* 04_23.png in Resources */,
				D30DDB9F1995ED39007A8A9C /* 04_35.png in Resources */,
				D30DDB9D1995ED39007A8A9C /* 04_26.png in Resources */,
				D361D5251998898B004B86AF /* 03-2_11.png in Resources */,
				D30DDB971995ED39007A8A9C /* 04_07.png in Resources */,
				D30DDBAF1995ED39007A8A9C /* 09-2_07.png in Resources */,
				D30DDBA71995ED39007A8A9C /* 07_11.png in Resources */,
				D30DDBB71995ED39007A8A9C /* 12_06.png in Resources */,
				D30DDB8C1995ED39007A8A9C /* 03-1_03.png in Resources */,
				D361D51619986C9A004B86AF /* 字2_03.png in Resources */,
				D30DDBB01995ED39007A8A9C /* 09-2_11.png in Resources */,
				D30DDBAA1995ED39007A8A9C /* 07_17.png in Resources */,
				D30DDBA81995ED39007A8A9C /* 07_13.png in Resources */,
				D30DDB981995ED39007A8A9C /* 04_09.png in Resources */,
				D30DDB371994B897007A8A9C /* InfoPlist.strings in Resources */,
				D30DDB8F1995ED39007A8A9C /* 03-1_12.png in Resources */,
				D30DDBA11995ED39007A8A9C /* 06_06.png in Resources */,
				D30DDB3F1994B897007A8A9C /* Images.xcassets in Resources */,
				D30DDB921995ED39007A8A9C /* 03-1_24.png in Resources */,
				D30DDB9E1995ED39007A8A9C /* 04_32.png in Resources */,
				D30DDB931995ED39007A8A9C /* 03-1_30.png in Resources */,
				D30DDBB51995ED39007A8A9C /* 09_08.png in Resources */,
				D30DDBB21995ED39007A8A9C /* 09-2_19.png in Resources */,
				D30DDB951995ED39007A8A9C /* 03_03.png in Resources */,
				D30DDBA51995ED39007A8A9C /* 07_03.png in Resources */,
				D30DDBA31995ED39007A8A9C /* 06_15.png in Resources */,
				D30DDB9B1995ED39007A8A9C /* 04_20.png in Resources */,
				D30DDBA21995ED39007A8A9C /* 06_11.png in Resources */,
				D30DDBA41995ED39007A8A9C /* 06_18.png in Resources */,
				D30DDBB61995ED39007A8A9C /* 12_03.png in Resources */,
				D30DDB911995ED39007A8A9C /* 03-1_17.png in Resources */,
				D30DDBAD1995ED39007A8A9C /* 09-1_11.png in Resources */,
				D30DDB8E1995ED39007A8A9C /* 03-1_09.png in Resources */,
				D30DDBB31995ED39007A8A9C /* 09_03.png in Resources */,
			);
			runOnlyForDeploymentPostprocessing = 0;
		};
		D30DDB421994B897007A8A9C /* Resources */ = {
			isa = PBXResourcesBuildPhase;
			buildActionMask = 2147483647;
			files = (
				D30DDB501994B897007A8A9C /* InfoPlist.strings in Resources */,
			);
			runOnlyForDeploymentPostprocessing = 0;
		};
/* End PBXResourcesBuildPhase section */

/* Begin PBXSourcesBuildPhase section */
		D30DDB251994B897007A8A9C /* Sources */ = {
			isa = PBXSourcesBuildPhase;
			buildActionMask = 2147483647;
			files = (
				D361D51919987A3B004B86AF /* Camera.m in Sources */,
				D30DDB3D1994B897007A8A9C /* AppDelegate.m in Sources */,
				D30DDB391994B897007A8A9C /* main.m in Sources */,
				D361D51D19987D2C004B86AF /* ReleasePageViewController.m in Sources */,
				D361D51219985A72004B86AF /* HomePageTopContentView.m in Sources */,
				D361D50F19984F1C004B86AF /* HomePageTopView.m in Sources */,
				D30DDB5E1994CCED007A8A9C /* HomePageViewController.m in Sources */,
				D30DDBBA1996230C007A8A9C /* HomePageTableViewCell.m in Sources */,
			);
			runOnlyForDeploymentPostprocessing = 0;
		};
		D30DDB401994B897007A8A9C /* Sources */ = {
			isa = PBXSourcesBuildPhase;
			buildActionMask = 2147483647;
			files = (
				D30DDB521994B897007A8A9C /* MUCHTests.m in Sources */,
			);
			runOnlyForDeploymentPostprocessing = 0;
		};
/* End PBXSourcesBuildPhase section */

/* Begin PBXTargetDependency section */
		D30DDB4A1994B897007A8A9C /* PBXTargetDependency */ = {
			isa = PBXTargetDependency;
			target = D30DDB281994B897007A8A9C /* MUCH */;
			targetProxy = D30DDB491994B897007A8A9C /* PBXContainerItemProxy */;
		};
/* End PBXTargetDependency section */

/* Begin PBXVariantGroup section */
		D30DDB351994B897007A8A9C /* InfoPlist.strings */ = {
			isa = PBXVariantGroup;
			children = (
				D30DDB361994B897007A8A9C /* en */,
			);
			name = InfoPlist.strings;
			sourceTree = "<group>";
		};
		D30DDB4E1994B897007A8A9C /* InfoPlist.strings */ = {
			isa = PBXVariantGroup;
			children = (
				D30DDB4F1994B897007A8A9C /* en */,
			);
			name = InfoPlist.strings;
			sourceTree = "<group>";
		};
/* End PBXVariantGroup section */

/* Begin XCBuildConfiguration section */
		D30DDB531994B897007A8A9C /* Debug */ = {
			isa = XCBuildConfiguration;
			buildSettings = {
				ALWAYS_SEARCH_USER_PATHS = NO;
				CLANG_CXX_LANGUAGE_STANDARD = "gnu++0x";
				CLANG_CXX_LIBRARY = "libc++";
				CLANG_ENABLE_MODULES = YES;
				CLANG_ENABLE_OBJC_ARC = YES;
				CLANG_WARN_BOOL_CONVERSION = YES;
				CLANG_WARN_CONSTANT_CONVERSION = YES;
				CLANG_WARN_DIRECT_OBJC_ISA_USAGE = YES_ERROR;
				CLANG_WARN_EMPTY_BODY = YES;
				CLANG_WARN_ENUM_CONVERSION = YES;
				CLANG_WARN_INT_CONVERSION = YES;
				CLANG_WARN_OBJC_ROOT_CLASS = YES_ERROR;
				CLANG_WARN__DUPLICATE_METHOD_MATCH = YES;
				CODE_SIGN_IDENTITY = "iPhone Developer: Hua Ye (87BWFFQURA)";
				"CODE_SIGN_IDENTITY[sdk=iphoneos*]" = "iPhone Developer: Hua Ye (87BWFFQURA)";
				COPY_PHASE_STRIP = NO;
				GCC_C_LANGUAGE_STANDARD = gnu99;
				GCC_DYNAMIC_NO_PIC = NO;
				GCC_OPTIMIZATION_LEVEL = 0;
				GCC_PREPROCESSOR_DEFINITIONS = (
					"DEBUG=1",
					"$(inherited)",
				);
				GCC_SYMBOLS_PRIVATE_EXTERN = NO;
				GCC_WARN_64_TO_32_BIT_CONVERSION = YES;
				GCC_WARN_ABOUT_RETURN_TYPE = YES_ERROR;
				GCC_WARN_UNDECLARED_SELECTOR = YES;
				GCC_WARN_UNINITIALIZED_AUTOS = YES_AGGRESSIVE;
				GCC_WARN_UNUSED_FUNCTION = YES;
				GCC_WARN_UNUSED_VARIABLE = YES;
				IPHONEOS_DEPLOYMENT_TARGET = 7.1;
				ONLY_ACTIVE_ARCH = YES;
				SDKROOT = iphoneos;
			};
			name = Debug;
		};
		D30DDB541994B897007A8A9C /* Release */ = {
			isa = XCBuildConfiguration;
			buildSettings = {
				ALWAYS_SEARCH_USER_PATHS = NO;
				CLANG_CXX_LANGUAGE_STANDARD = "gnu++0x";
				CLANG_CXX_LIBRARY = "libc++";
				CLANG_ENABLE_MODULES = YES;
				CLANG_ENABLE_OBJC_ARC = YES;
				CLANG_WARN_BOOL_CONVERSION = YES;
				CLANG_WARN_CONSTANT_CONVERSION = YES;
				CLANG_WARN_DIRECT_OBJC_ISA_USAGE = YES_ERROR;
				CLANG_WARN_EMPTY_BODY = YES;
				CLANG_WARN_ENUM_CONVERSION = YES;
				CLANG_WARN_INT_CONVERSION = YES;
				CLANG_WARN_OBJC_ROOT_CLASS = YES_ERROR;
				CLANG_WARN__DUPLICATE_METHOD_MATCH = YES;
				CODE_SIGN_IDENTITY = "iPhone Developer: Hua Ye (87BWFFQURA)";
				"CODE_SIGN_IDENTITY[sdk=iphoneos*]" = "iPhone Developer";
				COPY_PHASE_STRIP = YES;
				ENABLE_NS_ASSERTIONS = NO;
				GCC_C_LANGUAGE_STANDARD = gnu99;
				GCC_WARN_64_TO_32_BIT_CONVERSION = YES;
				GCC_WARN_ABOUT_RETURN_TYPE = YES_ERROR;
				GCC_WARN_UNDECLARED_SELECTOR = YES;
				GCC_WARN_UNINITIALIZED_AUTOS = YES_AGGRESSIVE;
				GCC_WARN_UNUSED_FUNCTION = YES;
				GCC_WARN_UNUSED_VARIABLE = YES;
				IPHONEOS_DEPLOYMENT_TARGET = 7.1;
				SDKROOT = iphoneos;
				VALIDATE_PRODUCT = YES;
			};
			name = Release;
		};
		D30DDB561994B897007A8A9C /* Debug */ = {
			isa = XCBuildConfiguration;
			buildSettings = {
				ASSETCATALOG_COMPILER_APPICON_NAME = AppIcon;
				ASSETCATALOG_COMPILER_LAUNCHIMAGE_NAME = LaunchImage;
				CODE_SIGN_IDENTITY = "iPhone Developer: Hua Ye (87BWFFQURA)";
				"CODE_SIGN_IDENTITY[sdk=iphoneos*]" = "iPhone Developer: Hua Ye (87BWFFQURA)";
				GCC_PRECOMPILE_PREFIX_HEADER = YES;
				GCC_PREFIX_HEADER = "MUCH/MUCH-Prefix.pch";
				INFOPLIST_FILE = "MUCH/MUCH-Info.plist";
				PRODUCT_NAME = "$(TARGET_NAME)";
				PROVISIONING_PROFILE = "";
				WRAPPER_EXTENSION = app;
			};
			name = Debug;
		};
		D30DDB571994B897007A8A9C /* Release */ = {
			isa = XCBuildConfiguration;
			buildSettings = {
				ASSETCATALOG_COMPILER_APPICON_NAME = AppIcon;
				ASSETCATALOG_COMPILER_LAUNCHIMAGE_NAME = LaunchImage;
				CODE_SIGN_IDENTITY = "iPhone Developer: Hua Ye (87BWFFQURA)";
				"CODE_SIGN_IDENTITY[sdk=iphoneos*]" = "iPhone Developer: Hua Ye (87BWFFQURA)";
				GCC_PRECOMPILE_PREFIX_HEADER = YES;
				GCC_PREFIX_HEADER = "MUCH/MUCH-Prefix.pch";
				INFOPLIST_FILE = "MUCH/MUCH-Info.plist";
				PRODUCT_NAME = "$(TARGET_NAME)";
				PROVISIONING_PROFILE = "";
				WRAPPER_EXTENSION = app;
			};
			name = Release;
		};
		D30DDB591994B897007A8A9C /* Debug */ = {
			isa = XCBuildConfiguration;
			buildSettings = {
				BUNDLE_LOADER = "$(BUILT_PRODUCTS_DIR)/MUCH.app/MUCH";
				FRAMEWORK_SEARCH_PATHS = (
					"$(SDKROOT)/Developer/Library/Frameworks",
					"$(inherited)",
					"$(DEVELOPER_FRAMEWORKS_DIR)",
				);
				GCC_PRECOMPILE_PREFIX_HEADER = YES;
				GCC_PREFIX_HEADER = "MUCH/MUCH-Prefix.pch";
				GCC_PREPROCESSOR_DEFINITIONS = (
					"DEBUG=1",
					"$(inherited)",
				);
				INFOPLIST_FILE = "MUCHTests/MUCHTests-Info.plist";
				PRODUCT_NAME = "$(TARGET_NAME)";
				TEST_HOST = "$(BUNDLE_LOADER)";
				WRAPPER_EXTENSION = xctest;
			};
			name = Debug;
		};
		D30DDB5A1994B897007A8A9C /* Release */ = {
			isa = XCBuildConfiguration;
			buildSettings = {
				BUNDLE_LOADER = "$(BUILT_PRODUCTS_DIR)/MUCH.app/MUCH";
				FRAMEWORK_SEARCH_PATHS = (
					"$(SDKROOT)/Developer/Library/Frameworks",
					"$(inherited)",
					"$(DEVELOPER_FRAMEWORKS_DIR)",
				);
				GCC_PRECOMPILE_PREFIX_HEADER = YES;
				GCC_PREFIX_HEADER = "MUCH/MUCH-Prefix.pch";
				INFOPLIST_FILE = "MUCHTests/MUCHTests-Info.plist";
				PRODUCT_NAME = "$(TARGET_NAME)";
				TEST_HOST = "$(BUNDLE_LOADER)";
				WRAPPER_EXTENSION = xctest;
			};
			name = Release;
		};
/* End XCBuildConfiguration section */

/* Begin XCConfigurationList section */
		D30DDB241994B897007A8A9C /* Build configuration list for PBXProject "MUCH" */ = {
			isa = XCConfigurationList;
			buildConfigurations = (
				D30DDB531994B897007A8A9C /* Debug */,
				D30DDB541994B897007A8A9C /* Release */,
			);
			defaultConfigurationIsVisible = 0;
			defaultConfigurationName = Release;
		};
		D30DDB551994B897007A8A9C /* Build configuration list for PBXNativeTarget "MUCH" */ = {
			isa = XCConfigurationList;
			buildConfigurations = (
				D30DDB561994B897007A8A9C /* Debug */,
				D30DDB571994B897007A8A9C /* Release */,
			);
			defaultConfigurationIsVisible = 0;
			defaultConfigurationName = Release;
		};
		D30DDB581994B897007A8A9C /* Build configuration list for PBXNativeTarget "MUCHTests" */ = {
			isa = XCConfigurationList;
			buildConfigurations = (
				D30DDB591994B897007A8A9C /* Debug */,
				D30DDB5A1994B897007A8A9C /* Release */,
			);
			defaultConfigurationIsVisible = 0;
			defaultConfigurationName = Release;
		};
/* End XCConfigurationList section */
	};
	rootObject = D30DDB211994B897007A8A9C /* Project object */;
}
