// !$*UTF8*$!
{
	archiveVersion = 1;
	classes = {
	};
	objectVersion = 46;
	objects = {

/* Begin PBXBuildFile section */
		D30DDB2D1994B897007A8A9C /* Foundation.framework in Frameworks */ = {isa = PBXBuildFile; fileRef = D30DDB2C1994B897007A8A9C /* Foundation.framework */; };
		D30DDB2F1994B897007A8A9C /* CoreGraphics.framework in Frameworks */ = {isa = PBXBuildFile; fileRef = D30DDB2E1994B897007A8A9C /* CoreGraphics.framework */; };
		D30DDB311994B897007A8A9C /* UIKit.framework in Frameworks */ = {isa = PBXBuildFile; fileRef = D30DDB301994B897007A8A9C /* UIKit.framework */; };
		D30DDB371994B897007A8A9C /* InfoPlist.strings in Resources */ = {isa = PBXBuildFile; fileRef = D30DDB351994B897007A8A9C /* InfoPlist.strings */; };
		D30DDB391994B897007A8A9C /* main.m in Sources */ = {isa = PBXBuildFile; fileRef = D30DDB381994B897007A8A9C /* main.m */; };
		D30DDB3D1994B897007A8A9C /* AppDelegate.m in Sources */ = {isa = PBXBuildFile; fileRef = D30DDB3C1994B897007A8A9C /* AppDelegate.m */; };
		D30DDB3F1994B897007A8A9C /* Images.xcassets in Resources */ = {isa = PBXBuildFile; fileRef = D30DDB3E1994B897007A8A9C /* Images.xcassets */; };
		D30DDB461994B897007A8A9C /* XCTest.framework in Frameworks */ = {isa = PBXBuildFile; fileRef = D30DDB451994B897007A8A9C /* XCTest.framework */; };
		D30DDB471994B897007A8A9C /* Foundation.framework in Frameworks */ = {isa = PBXBuildFile; fileRef = D30DDB2C1994B897007A8A9C /* Foundation.framework */; };
		D30DDB481994B897007A8A9C /* UIKit.framework in Frameworks */ = {isa = PBXBuildFile; fileRef = D30DDB301994B897007A8A9C /* UIKit.framework */; };
		D30DDB501994B897007A8A9C /* InfoPlist.strings in Resources */ = {isa = PBXBuildFile; fileRef = D30DDB4E1994B897007A8A9C /* InfoPlist.strings */; };
		D30DDB521994B897007A8A9C /* MUCHTests.m in Sources */ = {isa = PBXBuildFile; fileRef = D30DDB511994B897007A8A9C /* MUCHTests.m */; };
		D30DDB5E1994CCED007A8A9C /* HomePageViewController.m in Sources */ = {isa = PBXBuildFile; fileRef = D30DDB5D1994CCED007A8A9C /* HomePageViewController.m */; };
		D30DDB8C1995ED39007A8A9C /* 03-1_03.png in Resources */ = {isa = PBXBuildFile; fileRef = D30DDB601995ED39007A8A9C /* 03-1_03.png */; };
		D30DDB8D1995ED39007A8A9C /* 03-1_06.png in Resources */ = {isa = PBXBuildFile; fileRef = D30DDB611995ED39007A8A9C /* 03-1_06.png */; };
		D30DDB8E1995ED39007A8A9C /* 03-1_09.png in Resources */ = {isa = PBXBuildFile; fileRef = D30DDB621995ED39007A8A9C /* 03-1_09.png */; };
		D30DDB8F1995ED39007A8A9C /* 03-1_12.png in Resources */ = {isa = PBXBuildFile; fileRef = D30DDB631995ED39007A8A9C /* 03-1_12.png */; };
		D30DDB901995ED39007A8A9C /* 03-1_15.png in Resources */ = {isa = PBXBuildFile; fileRef = D30DDB641995ED39007A8A9C /* 03-1_15.png */; };
		D30DDB911995ED39007A8A9C /* 03-1_17.png in Resources */ = {isa = PBXBuildFile; fileRef = D30DDB651995ED39007A8A9C /* 03-1_17.png */; };
		D30DDB921995ED39007A8A9C /* 03-1_24.png in Resources */ = {isa = PBXBuildFile; fileRef = D30DDB661995ED39007A8A9C /* 03-1_24.png */; };
		D30DDB931995ED39007A8A9C /* 03-1_30.png in Resources */ = {isa = PBXBuildFile; fileRef = D30DDB671995ED39007A8A9C /* 03-1_30.png */; };
		D30DDB941995ED39007A8A9C /* 03-1_34.png in Resources */ = {isa = PBXBuildFile; fileRef = D30DDB681995ED39007A8A9C /* 03-1_34.png */; };
		D30DDB951995ED39007A8A9C /* 03_03.png in Resources */ = {isa = PBXBuildFile; fileRef = D30DDB691995ED39007A8A9C /* 03_03.png */; };
		D30DDB961995ED39007A8A9C /* 04_03.png in Resources */ = {isa = PBXBuildFile; fileRef = D30DDB6A1995ED39007A8A9C /* 04_03.png */; };
		D30DDB971995ED39007A8A9C /* 04_07.png in Resources */ = {isa = PBXBuildFile; fileRef = D30DDB6B1995ED39007A8A9C /* 04_07.png */; };
		D30DDB981995ED39007A8A9C /* 04_09.png in Resources */ = {isa = PBXBuildFile; fileRef = D30DDB6C1995ED39007A8A9C /* 04_09.png */; };
		D30DDB991995ED39007A8A9C /* 04_14.png in Resources */ = {isa = PBXBuildFile; fileRef = D30DDB6D1995ED39007A8A9C /* 04_14.png */; };
		D30DDB9A1995ED39007A8A9C /* 04_17.png in Resources */ = {isa = PBXBuildFile; fileRef = D30DDB6E1995ED39007A8A9C /* 04_17.png */; };
		D30DDB9B1995ED39007A8A9C /* 04_20.png in Resources */ = {isa = PBXBuildFile; fileRef = D30DDB6F1995ED39007A8A9C /* 04_20.png */; };
		D30DDB9C1995ED39007A8A9C /* 04_23.png in Resources */ = {isa = PBXBuildFile; fileRef = D30DDB701995ED39007A8A9C /* 04_23.png */; };
		D30DDB9D1995ED39007A8A9C /* 04_26.png in Resources */ = {isa = PBXBuildFile; fileRef = D30DDB711995ED39007A8A9C /* 04_26.png */; };
		D30DDB9E1995ED39007A8A9C /* 04_32.png in Resources */ = {isa = PBXBuildFile; fileRef = D30DDB721995ED39007A8A9C /* 04_32.png */; };
		D30DDB9F1995ED39007A8A9C /* 04_35.png in Resources */ = {isa = PBXBuildFile; fileRef = D30DDB731995ED39007A8A9C /* 04_35.png */; };
		D30DDBA01995ED39007A8A9C /* 06_03.png in Resources */ = {isa = PBXBuildFile; fileRef = D30DDB741995ED39007A8A9C /* 06_03.png */; };
		D30DDBA11995ED39007A8A9C /* 06_06.png in Resources */ = {isa = PBXBuildFile; fileRef = D30DDB751995ED39007A8A9C /* 06_06.png */; };
		D30DDBA21995ED39007A8A9C /* 06_11.png in Resources */ = {isa = PBXBuildFile; fileRef = D30DDB761995ED39007A8A9C /* 06_11.png */; };
		D30DDBA31995ED39007A8A9C /* 06_15.png in Resources */ = {isa = PBXBuildFile; fileRef = D30DDB771995ED39007A8A9C /* 06_15.png */; };
		D30DDBA41995ED39007A8A9C /* 06_18.png in Resources */ = {isa = PBXBuildFile; fileRef = D30DDB781995ED39007A8A9C /* 06_18.png */; };
		D30DDBA51995ED39007A8A9C /* 07_03.png in Resources */ = {isa = PBXBuildFile; fileRef = D30DDB791995ED39007A8A9C /* 07_03.png */; };
		D30DDBA61995ED39007A8A9C /* 07_07.png in Resources */ = {isa = PBXBuildFile; fileRef = D30DDB7A1995ED39007A8A9C /* 07_07.png */; };
		D30DDBA71995ED39007A8A9C /* 07_11.png in Resources */ = {isa = PBXBuildFile; fileRef = D30DDB7B1995ED39007A8A9C /* 07_11.png */; };
		D30DDBA81995ED39007A8A9C /* 07_13.png in Resources */ = {isa = PBXBuildFile; fileRef = D30DDB7C1995ED39007A8A9C /* 07_13.png */; };
		D30DDBA91995ED39007A8A9C /* 07_15.png in Resources */ = {isa = PBXBuildFile; fileRef = D30DDB7D1995ED39007A8A9C /* 07_15.png */; };
		D30DDBAA1995ED39007A8A9C /* 07_17.png in Resources */ = {isa = PBXBuildFile; fileRef = D30DDB7E1995ED39007A8A9C /* 07_17.png */; };
		D30DDBAB1995ED39007A8A9C /* 09-1_03.png in Resources */ = {isa = PBXBuildFile; fileRef = D30DDB7F1995ED39007A8A9C /* 09-1_03.png */; };
		D30DDBAC1995ED39007A8A9C /* 09-1_07.png in Resources */ = {isa = PBXBuildFile; fileRef = D30DDB801995ED39007A8A9C /* 09-1_07.png */; };
		D30DDBAD1995ED39007A8A9C /* 09-1_11.png in Resources */ = {isa = PBXBuildFile; fileRef = D30DDB811995ED39007A8A9C /* 09-1_11.png */; };
		D30DDBAE1995ED39007A8A9C /* 09-2_03.png in Resources */ = {isa = PBXBuildFile; fileRef = D30DDB821995ED39007A8A9C /* 09-2_03.png */; };
		D30DDBAF1995ED39007A8A9C /* 09-2_07.png in Resources */ = {isa = PBXBuildFile; fileRef = D30DDB831995ED39007A8A9C /* 09-2_07.png */; };
		D30DDBB01995ED39007A8A9C /* 09-2_11.png in Resources */ = {isa = PBXBuildFile; fileRef = D30DDB841995ED39007A8A9C /* 09-2_11.png */; };
		D30DDBB11995ED39007A8A9C /* 09-2_15.png in Resources */ = {isa = PBXBuildFile; fileRef = D30DDB851995ED39007A8A9C /* 09-2_15.png */; };
		D30DDBB21995ED39007A8A9C /* 09-2_19.png in Resources */ = {isa = PBXBuildFile; fileRef = D30DDB861995ED39007A8A9C /* 09-2_19.png */; };
		D30DDBB31995ED39007A8A9C /* 09_03.png in Resources */ = {isa = PBXBuildFile; fileRef = D30DDB871995ED39007A8A9C /* 09_03.png */; };
		D30DDBB41995ED39007A8A9C /* 09_06.png in Resources */ = {isa = PBXBuildFile; fileRef = D30DDB881995ED39007A8A9C /* 09_06.png */; };
		D30DDBB51995ED39007A8A9C /* 09_08.png in Resources */ = {isa = PBXBuildFile; fileRef = D30DDB891995ED39007A8A9C /* 09_08.png */; };
		D30DDBB61995ED39007A8A9C /* 12_03.png in Resources */ = {isa = PBXBuildFile; fileRef = D30DDB8A1995ED39007A8A9C /* 12_03.png */; };
		D30DDBB71995ED39007A8A9C /* 12_06.png in Resources */ = {isa = PBXBuildFile; fileRef = D30DDB8B1995ED39007A8A9C /* 12_06.png */; };
		D30DDBBA1996230C007A8A9C /* HomePageTableViewCell.m in Sources */ = {isa = PBXBuildFile; fileRef = D30DDBB91996230C007A8A9C /* HomePageTableViewCell.m */; };
		D33E25F71999BE7F0068C2C5 /* DetailContactTableViewCell.m in Sources */ = {isa = PBXBuildFile; fileRef = D33E25F61999BE7F0068C2C5 /* DetailContactTableViewCell.m */; };
		D348EE481999C85900066239 /* ToolView.m in Sources */ = {isa = PBXBuildFile; fileRef = D348EE471999C85900066239 /* ToolView.m */; };
		D348EE4B1999CCBB00066239 /* DetailContentTableViewCell.m in Sources */ = {isa = PBXBuildFile; fileRef = D348EE4A1999CCBB00066239 /* DetailContentTableViewCell.m */; };
		D348EE4F1999CD4200066239 /* 04_032.png in Resources */ = {isa = PBXBuildFile; fileRef = D348EE4C1999CD4200066239 /* 04_032.png */; };
		D348EE501999CD4200066239 /* 04_052.png in Resources */ = {isa = PBXBuildFile; fileRef = D348EE4D1999CD4200066239 /* 04_052.png */; };
		D348EE511999CD4200066239 /* 04_062.png in Resources */ = {isa = PBXBuildFile; fileRef = D348EE4E1999CD4200066239 /* 04_062.png */; };
		D348EE541999D2CF00066239 /* Message.m in Sources */ = {isa = PBXBuildFile; fileRef = D348EE531999D2CF00066239 /* Message.m */; };
		D348EE601999D8F500066239 /* EGOCache.m in Sources */ = {isa = PBXBuildFile; fileRef = D348EE581999D8F500066239 /* EGOCache.m */; settings = {COMPILER_FLAGS = "-fno-objc-arc"; }; };
		D348EE611999D8F500066239 /* EGOImageLoadConnection.m in Sources */ = {isa = PBXBuildFile; fileRef = D348EE5B1999D8F500066239 /* EGOImageLoadConnection.m */; settings = {COMPILER_FLAGS = "-fno-objc-arc"; }; };
		D348EE621999D8F500066239 /* EGOImageLoader.m in Sources */ = {isa = PBXBuildFile; fileRef = D348EE5D1999D8F500066239 /* EGOImageLoader.m */; settings = {COMPILER_FLAGS = "-fno-objc-arc"; }; };
		D348EE631999D8F600066239 /* EGOImageView.m in Sources */ = {isa = PBXBuildFile; fileRef = D348EE5F1999D8F500066239 /* EGOImageView.m */; settings = {COMPILER_FLAGS = "-fno-objc-arc"; }; };
		D348EE651999F09A00066239 /* QuartzCore.framework in Frameworks */ = {isa = PBXBuildFile; fileRef = D348EE641999F09A00066239 /* QuartzCore.framework */; };
		D361D50F19984F1C004B86AF /* HomePageTopView.m in Sources */ = {isa = PBXBuildFile; fileRef = D361D50E19984F1C004B86AF /* HomePageTopView.m */; };
		D361D51219985A72004B86AF /* HomePageTopContentView.m in Sources */ = {isa = PBXBuildFile; fileRef = D361D51119985A72004B86AF /* HomePageTopContentView.m */; };
		D361D51519986C9A004B86AF /* 字_03.png in Resources */ = {isa = PBXBuildFile; fileRef = D361D51319986C9A004B86AF /* 字_03.png */; };
		D361D51619986C9A004B86AF /* 字2_03.png in Resources */ = {isa = PBXBuildFile; fileRef = D361D51419986C9A004B86AF /* 字2_03.png */; };
		D361D51919987A3B004B86AF /* Camera.m in Sources */ = {isa = PBXBuildFile; fileRef = D361D51819987A3B004B86AF /* Camera.m */; };
		D361D51D19987D2C004B86AF /* ReleasePageViewController.m in Sources */ = {isa = PBXBuildFile; fileRef = D361D51C19987D2C004B86AF /* ReleasePageViewController.m */; };
		D361D51F1998897F004B86AF /* 04-1_03.png in Resources */ = {isa = PBXBuildFile; fileRef = D361D51E1998897F004B86AF /* 04-1_03.png */; };
		D361D5231998898B004B86AF /* 03-2_03.png in Resources */ = {isa = PBXBuildFile; fileRef = D361D5201998898B004B86AF /* 03-2_03.png */; };
		D361D5241998898B004B86AF /* 03-2_07.png in Resources */ = {isa = PBXBuildFile; fileRef = D361D5211998898B004B86AF /* 03-2_07.png */; };
		D361D5251998898B004B86AF /* 03-2_11.png in Resources */ = {isa = PBXBuildFile; fileRef = D361D5221998898B004B86AF /* 03-2_11.png */; };
		D361D52719988FDD004B86AF /* _03.png in Resources */ = {isa = PBXBuildFile; fileRef = D361D52619988FDD004B86AF /* _03.png */; };
		D361D52A1998980D004B86AF /* HomePageDefaultTableViewCell.m in Sources */ = {isa = PBXBuildFile; fileRef = D361D5291998980D004B86AF /* HomePageDefaultTableViewCell.m */; };
		D3B1495419989F8B00F83FA7 /* LoginViewController.m in Sources */ = {isa = PBXBuildFile; fileRef = D3B1495319989F8B00F83FA7 /* LoginViewController.m */; };
		D3B149641998A64600F83FA7 /* buttonhover.png in Resources */ = {isa = PBXBuildFile; fileRef = D3B149561998A64600F83FA7 /* buttonhover.png */; };
		D3B149651998A64600F83FA7 /* buttonnormal.png in Resources */ = {isa = PBXBuildFile; fileRef = D3B149571998A64600F83FA7 /* buttonnormal.png */; };
		D3B149661998A64600F83FA7 /* close_btn_src_normal.png in Resources */ = {isa = PBXBuildFile; fileRef = D3B149581998A64600F83FA7 /* close_btn_src_normal.png */; };
		D3B149671998A64600F83FA7 /* closeimg.png in Resources */ = {isa = PBXBuildFile; fileRef = D3B149591998A64600F83FA7 /* closeimg.png */; };
		D3B149681998A64600F83FA7 /* mm.png in Resources */ = {isa = PBXBuildFile; fileRef = D3B1495A1998A64600F83FA7 /* mm.png */; };
		D3B149691998A64600F83FA7 /* qzone0.jpg in Resources */ = {isa = PBXBuildFile; fileRef = D3B1495B1998A64600F83FA7 /* qzone0.jpg */; };
		D3B1496A1998A64600F83FA7 /* qzone1.jpg in Resources */ = {isa = PBXBuildFile; fileRef = D3B1495C1998A64600F83FA7 /* qzone1.jpg */; };
		D3B1496B1998A64600F83FA7 /* qzone2.jpg in Resources */ = {isa = PBXBuildFile; fileRef = D3B1495D1998A64600F83FA7 /* qzone2.jpg */; };
		D3B1496C1998A64600F83FA7 /* qzone3.jpg in Resources */ = {isa = PBXBuildFile; fileRef = D3B1495E1998A64600F83FA7 /* qzone3.jpg */; };
		D3B1496D1998A64600F83FA7 /* qzone4.jpg in Resources */ = {isa = PBXBuildFile; fileRef = D3B1495F1998A64600F83FA7 /* qzone4.jpg */; };
		D3B1496E1998A64600F83FA7 /* qzone5.jpg in Resources */ = {isa = PBXBuildFile; fileRef = D3B149601998A64600F83FA7 /* qzone5.jpg */; };
		D3B1496F1998A64600F83FA7 /* ShareViewController.xib in Resources */ = {isa = PBXBuildFile; fileRef = D3B149611998A64600F83FA7 /* ShareViewController.xib */; };
		D3B149701998A64600F83FA7 /* title_btn.png in Resources */ = {isa = PBXBuildFile; fileRef = D3B149621998A64600F83FA7 /* title_btn.png */; };
		D3B149711998A64600F83FA7 /* toolbar.png in Resources */ = {isa = PBXBuildFile; fileRef = D3B149631998A64600F83FA7 /* toolbar.png */; };
		D3B149751998A68200F83FA7 /* TencentOpenApi_IOS_Bundle.bundle in Resources */ = {isa = PBXBuildFile; fileRef = D3B149741998A68200F83FA7 /* TencentOpenApi_IOS_Bundle.bundle */; };
		D3B149771998A68F00F83FA7 /* TencentOpenAPI.framework in Frameworks */ = {isa = PBXBuildFile; fileRef = D3B149761998A68F00F83FA7 /* TencentOpenAPI.framework */; };
		D3B149791998A88400F83FA7 /* libz.1.1.3.dylib in Frameworks */ = {isa = PBXBuildFile; fileRef = D3B149781998A88400F83FA7 /* libz.1.1.3.dylib */; };
		D3B1497B1998A89400F83FA7 /* libstdc++.dylib in Frameworks */ = {isa = PBXBuildFile; fileRef = D3B1497A1998A89400F83FA7 /* libstdc++.dylib */; };
		D3B1497D1998A8A200F83FA7 /* libsqlite3.0.dylib in Frameworks */ = {isa = PBXBuildFile; fileRef = D3B1497C1998A8A200F83FA7 /* libsqlite3.0.dylib */; };
		D3B1497F1998A8B100F83FA7 /* SystemConfiguration.framework in Frameworks */ = {isa = PBXBuildFile; fileRef = D3B1497E1998A8B100F83FA7 /* SystemConfiguration.framework */; };
		D3B149811998A8B900F83FA7 /* CoreTelephony.framework in Frameworks */ = {isa = PBXBuildFile; fileRef = D3B149801998A8B900F83FA7 /* CoreTelephony.framework */; };
		D3B149871998ADA300F83FA7 /* libWeiboSDK.a in Frameworks */ = {isa = PBXBuildFile; fileRef = D3B149841998ADA300F83FA7 /* libWeiboSDK.a */; };
		D3B149881998ADA300F83FA7 /* WeiboSDK.bundle in Resources */ = {isa = PBXBuildFile; fileRef = D3B149851998ADA300F83FA7 /* WeiboSDK.bundle */; };
		D3B149971998DA4800F83FA7 /* ANBlurredImageView.m in Sources */ = {isa = PBXBuildFile; fileRef = D3B149941998DA4800F83FA7 /* ANBlurredImageView.m */; };
		D3B149981998DA4800F83FA7 /* UIImage+BoxBlur.m in Sources */ = {isa = PBXBuildFile; fileRef = D3B149961998DA4800F83FA7 /* UIImage+BoxBlur.m */; };
		D3B1499A1998DD6200F83FA7 /* nature.jpg in Resources */ = {isa = PBXBuildFile; fileRef = D3B149991998DD6200F83FA7 /* nature.jpg */; };
		D3B1499C19999F1D00F83FA7 /* CoreLocation.framework in Frameworks */ = {isa = PBXBuildFile; fileRef = D3B1499B19999F1D00F83FA7 /* CoreLocation.framework */; };
		D3B149A61999A3DA00F83FA7 /* gps.db in Resources */ = {isa = PBXBuildFile; fileRef = D3B1499E1999A3DA00F83FA7 /* gps.db */; };
		D3B149A71999A3DA00F83FA7 /* CSqlite.m in Sources */ = {isa = PBXBuildFile; fileRef = D3B149A11999A3DA00F83FA7 /* CSqlite.m */; };
		D3B149AB1999A90D00F83FA7 /* 091_03.png in Resources */ = {isa = PBXBuildFile; fileRef = D3B149AA1999A90D00F83FA7 /* 091_03.png */; };
		D3B149AD1999A99300F83FA7 /* 09-2_032.png in Resources */ = {isa = PBXBuildFile; fileRef = D3B149AC1999A99300F83FA7 /* 09-2_032.png */; };
		D3B149AF1999AE1B00F83FA7 /* 登陆_03.png in Resources */ = {isa = PBXBuildFile; fileRef = D3B149AE1999AE1B00F83FA7 /* 登陆_03.png */; };
		D3B149B11999AE2600F83FA7 /* 注册_03.png in Resources */ = {isa = PBXBuildFile; fileRef = D3B149B01999AE2600F83FA7 /* 注册_03.png */; };
		D3B149B51999B04A00F83FA7 /* DetailViewController.m in Sources */ = {isa = PBXBuildFile; fileRef = D3B149B41999B04A00F83FA7 /* DetailViewController.m */; };
		D3B149B81999B4F700F83FA7 /* DetailHeadTableViewCell.m in Sources */ = {isa = PBXBuildFile; fileRef = D3B149B71999B4F700F83FA7 /* DetailHeadTableViewCell.m */; };
/* End PBXBuildFile section */

/* Begin PBXContainerItemProxy section */
		D30DDB491994B897007A8A9C /* PBXContainerItemProxy */ = {
			isa = PBXContainerItemProxy;
			containerPortal = D30DDB211994B897007A8A9C /* Project object */;
			proxyType = 1;
			remoteGlobalIDString = D30DDB281994B897007A8A9C;
			remoteInfo = MUCH;
		};
/* End PBXContainerItemProxy section */

/* Begin PBXFileReference section */
		D30DDB291994B897007A8A9C /* MUCH.app */ = {isa = PBXFileReference; explicitFileType = wrapper.application; includeInIndex = 0; path = MUCH.app; sourceTree = BUILT_PRODUCTS_DIR; };
		D30DDB2C1994B897007A8A9C /* Foundation.framework */ = {isa = PBXFileReference; lastKnownFileType = wrapper.framework; name = Foundation.framework; path = System/Library/Frameworks/Foundation.framework; sourceTree = SDKROOT; };
		D30DDB2E1994B897007A8A9C /* CoreGraphics.framework */ = {isa = PBXFileReference; lastKnownFileType = wrapper.framework; name = CoreGraphics.framework; path = System/Library/Frameworks/CoreGraphics.framework; sourceTree = SDKROOT; };
		D30DDB301994B897007A8A9C /* UIKit.framework */ = {isa = PBXFileReference; lastKnownFileType = wrapper.framework; name = UIKit.framework; path = System/Library/Frameworks/UIKit.framework; sourceTree = SDKROOT; };
		D30DDB341994B897007A8A9C /* MUCH-Info.plist */ = {isa = PBXFileReference; lastKnownFileType = text.plist.xml; path = "MUCH-Info.plist"; sourceTree = "<group>"; };
		D30DDB361994B897007A8A9C /* en */ = {isa = PBXFileReference; lastKnownFileType = text.plist.strings; name = en; path = en.lproj/InfoPlist.strings; sourceTree = "<group>"; };
		D30DDB381994B897007A8A9C /* main.m */ = {isa = PBXFileReference; lastKnownFileType = sourcecode.c.objc; path = main.m; sourceTree = "<group>"; };
		D30DDB3A1994B897007A8A9C /* MUCH-Prefix.pch */ = {isa = PBXFileReference; lastKnownFileType = sourcecode.c.h; path = "MUCH-Prefix.pch"; sourceTree = "<group>"; };
		D30DDB3B1994B897007A8A9C /* AppDelegate.h */ = {isa = PBXFileReference; lastKnownFileType = sourcecode.c.h; path = AppDelegate.h; sourceTree = "<group>"; };
		D30DDB3C1994B897007A8A9C /* AppDelegate.m */ = {isa = PBXFileReference; lastKnownFileType = sourcecode.c.objc; path = AppDelegate.m; sourceTree = "<group>"; };
		D30DDB3E1994B897007A8A9C /* Images.xcassets */ = {isa = PBXFileReference; lastKnownFileType = folder.assetcatalog; path = Images.xcassets; sourceTree = "<group>"; };
		D30DDB441994B897007A8A9C /* MUCHTests.xctest */ = {isa = PBXFileReference; explicitFileType = wrapper.cfbundle; includeInIndex = 0; path = MUCHTests.xctest; sourceTree = BUILT_PRODUCTS_DIR; };
		D30DDB451994B897007A8A9C /* XCTest.framework */ = {isa = PBXFileReference; lastKnownFileType = wrapper.framework; name = XCTest.framework; path = Library/Frameworks/XCTest.framework; sourceTree = DEVELOPER_DIR; };
		D30DDB4D1994B897007A8A9C /* MUCHTests-Info.plist */ = {isa = PBXFileReference; lastKnownFileType = text.plist.xml; path = "MUCHTests-Info.plist"; sourceTree = "<group>"; };
		D30DDB4F1994B897007A8A9C /* en */ = {isa = PBXFileReference; lastKnownFileType = text.plist.strings; name = en; path = en.lproj/InfoPlist.strings; sourceTree = "<group>"; };
		D30DDB511994B897007A8A9C /* MUCHTests.m */ = {isa = PBXFileReference; lastKnownFileType = sourcecode.c.objc; path = MUCHTests.m; sourceTree = "<group>"; };
		D30DDB5C1994CCED007A8A9C /* HomePageViewController.h */ = {isa = PBXFileReference; fileEncoding = 4; lastKnownFileType = sourcecode.c.h; path = HomePageViewController.h; sourceTree = "<group>"; };
		D30DDB5D1994CCED007A8A9C /* HomePageViewController.m */ = {isa = PBXFileReference; fileEncoding = 4; lastKnownFileType = sourcecode.c.objc; path = HomePageViewController.m; sourceTree = "<group>"; };
		D30DDB601995ED39007A8A9C /* 03-1_03.png */ = {isa = PBXFileReference; lastKnownFileType = image.png; path = "03-1_03.png"; sourceTree = "<group>"; };
		D30DDB611995ED39007A8A9C /* 03-1_06.png */ = {isa = PBXFileReference; lastKnownFileType = image.png; path = "03-1_06.png"; sourceTree = "<group>"; };
		D30DDB621995ED39007A8A9C /* 03-1_09.png */ = {isa = PBXFileReference; lastKnownFileType = image.png; path = "03-1_09.png"; sourceTree = "<group>"; };
		D30DDB631995ED39007A8A9C /* 03-1_12.png */ = {isa = PBXFileReference; lastKnownFileType = image.png; path = "03-1_12.png"; sourceTree = "<group>"; };
		D30DDB641995ED39007A8A9C /* 03-1_15.png */ = {isa = PBXFileReference; lastKnownFileType = image.png; path = "03-1_15.png"; sourceTree = "<group>"; };
		D30DDB651995ED39007A8A9C /* 03-1_17.png */ = {isa = PBXFileReference; lastKnownFileType = image.png; path = "03-1_17.png"; sourceTree = "<group>"; };
		D30DDB661995ED39007A8A9C /* 03-1_24.png */ = {isa = PBXFileReference; lastKnownFileType = image.png; path = "03-1_24.png"; sourceTree = "<group>"; };
		D30DDB671995ED39007A8A9C /* 03-1_30.png */ = {isa = PBXFileReference; lastKnownFileType = image.png; path = "03-1_30.png"; sourceTree = "<group>"; };
		D30DDB681995ED39007A8A9C /* 03-1_34.png */ = {isa = PBXFileReference; lastKnownFileType = image.png; path = "03-1_34.png"; sourceTree = "<group>"; };
		D30DDB691995ED39007A8A9C /* 03_03.png */ = {isa = PBXFileReference; lastKnownFileType = image.png; path = 03_03.png; sourceTree = "<group>"; };
		D30DDB6A1995ED39007A8A9C /* 04_03.png */ = {isa = PBXFileReference; lastKnownFileType = image.png; path = 04_03.png; sourceTree = "<group>"; };
		D30DDB6B1995ED39007A8A9C /* 04_07.png */ = {isa = PBXFileReference; lastKnownFileType = image.png; path = 04_07.png; sourceTree = "<group>"; };
		D30DDB6C1995ED39007A8A9C /* 04_09.png */ = {isa = PBXFileReference; lastKnownFileType = image.png; path = 04_09.png; sourceTree = "<group>"; };
		D30DDB6D1995ED39007A8A9C /* 04_14.png */ = {isa = PBXFileReference; lastKnownFileType = image.png; path = 04_14.png; sourceTree = "<group>"; };
		D30DDB6E1995ED39007A8A9C /* 04_17.png */ = {isa = PBXFileReference; lastKnownFileType = image.png; path = 04_17.png; sourceTree = "<group>"; };
		D30DDB6F1995ED39007A8A9C /* 04_20.png */ = {isa = PBXFileReference; lastKnownFileType = image.png; path = 04_20.png; sourceTree = "<group>"; };
		D30DDB701995ED39007A8A9C /* 04_23.png */ = {isa = PBXFileReference; lastKnownFileType = image.png; path = 04_23.png; sourceTree = "<group>"; };
		D30DDB711995ED39007A8A9C /* 04_26.png */ = {isa = PBXFileReference; lastKnownFileType = image.png; path = 04_26.png; sourceTree = "<group>"; };
		D30DDB721995ED39007A8A9C /* 04_32.png */ = {isa = PBXFileReference; lastKnownFileType = image.png; path = 04_32.png; sourceTree = "<group>"; };
		D30DDB731995ED39007A8A9C /* 04_35.png */ = {isa = PBXFileReference; lastKnownFileType = image.png; path = 04_35.png; sourceTree = "<group>"; };
		D30DDB741995ED39007A8A9C /* 06_03.png */ = {isa = PBXFileReference; lastKnownFileType = image.png; path = 06_03.png; sourceTree = "<group>"; };
		D30DDB751995ED39007A8A9C /* 06_06.png */ = {isa = PBXFileReference; lastKnownFileType = image.png; path = 06_06.png; sourceTree = "<group>"; };
		D30DDB761995ED39007A8A9C /* 06_11.png */ = {isa = PBXFileReference; lastKnownFileType = image.png; path = 06_11.png; sourceTree = "<group>"; };
		D30DDB771995ED39007A8A9C /* 06_15.png */ = {isa = PBXFileReference; lastKnownFileType = image.png; path = 06_15.png; sourceTree = "<group>"; };
		D30DDB781995ED39007A8A9C /* 06_18.png */ = {isa = PBXFileReference; lastKnownFileType = image.png; path = 06_18.png; sourceTree = "<group>"; };
		D30DDB791995ED39007A8A9C /* 07_03.png */ = {isa = PBXFileReference; lastKnownFileType = image.png; path = 07_03.png; sourceTree = "<group>"; };
		D30DDB7A1995ED39007A8A9C /* 07_07.png */ = {isa = PBXFileReference; lastKnownFileType = image.png; path = 07_07.png; sourceTree = "<group>"; };
		D30DDB7B1995ED39007A8A9C /* 07_11.png */ = {isa = PBXFileReference; lastKnownFileType = image.png; path = 07_11.png; sourceTree = "<group>"; };
		D30DDB7C1995ED39007A8A9C /* 07_13.png */ = {isa = PBXFileReference; lastKnownFileType = image.png; path = 07_13.png; sourceTree = "<group>"; };
		D30DDB7D1995ED39007A8A9C /* 07_15.png */ = {isa = PBXFileReference; lastKnownFileType = image.png; path = 07_15.png; sourceTree = "<group>"; };
		D30DDB7E1995ED39007A8A9C /* 07_17.png */ = {isa = PBXFileReference; lastKnownFileType = image.png; path = 07_17.png; sourceTree = "<group>"; };
		D30DDB7F1995ED39007A8A9C /* 09-1_03.png */ = {isa = PBXFileReference; lastKnownFileType = image.png; path = "09-1_03.png"; sourceTree = "<group>"; };
		D30DDB801995ED39007A8A9C /* 09-1_07.png */ = {isa = PBXFileReference; lastKnownFileType = image.png; path = "09-1_07.png"; sourceTree = "<group>"; };
		D30DDB811995ED39007A8A9C /* 09-1_11.png */ = {isa = PBXFileReference; lastKnownFileType = image.png; path = "09-1_11.png"; sourceTree = "<group>"; };
		D30DDB821995ED39007A8A9C /* 09-2_03.png */ = {isa = PBXFileReference; lastKnownFileType = image.png; path = "09-2_03.png"; sourceTree = "<group>"; };
		D30DDB831995ED39007A8A9C /* 09-2_07.png */ = {isa = PBXFileReference; lastKnownFileType = image.png; path = "09-2_07.png"; sourceTree = "<group>"; };
		D30DDB841995ED39007A8A9C /* 09-2_11.png */ = {isa = PBXFileReference; lastKnownFileType = image.png; path = "09-2_11.png"; sourceTree = "<group>"; };
		D30DDB851995ED39007A8A9C /* 09-2_15.png */ = {isa = PBXFileReference; lastKnownFileType = image.png; path = "09-2_15.png"; sourceTree = "<group>"; };
		D30DDB861995ED39007A8A9C /* 09-2_19.png */ = {isa = PBXFileReference; lastKnownFileType = image.png; path = "09-2_19.png"; sourceTree = "<group>"; };
		D30DDB871995ED39007A8A9C /* 09_03.png */ = {isa = PBXFileReference; lastKnownFileType = image.png; path = 09_03.png; sourceTree = "<group>"; };
		D30DDB881995ED39007A8A9C /* 09_06.png */ = {isa = PBXFileReference; lastKnownFileType = image.png; path = 09_06.png; sourceTree = "<group>"; };
		D30DDB891995ED39007A8A9C /* 09_08.png */ = {isa = PBXFileReference; lastKnownFileType = image.png; path = 09_08.png; sourceTree = "<group>"; };
		D30DDB8A1995ED39007A8A9C /* 12_03.png */ = {isa = PBXFileReference; lastKnownFileType = image.png; path = 12_03.png; sourceTree = "<group>"; };
		D30DDB8B1995ED39007A8A9C /* 12_06.png */ = {isa = PBXFileReference; lastKnownFileType = image.png; path = 12_06.png; sourceTree = "<group>"; };
		D30DDBB81996230C007A8A9C /* HomePageTableViewCell.h */ = {isa = PBXFileReference; fileEncoding = 4; lastKnownFileType = sourcecode.c.h; path = HomePageTableViewCell.h; sourceTree = "<group>"; };
		D30DDBB91996230C007A8A9C /* HomePageTableViewCell.m */ = {isa = PBXFileReference; fileEncoding = 4; lastKnownFileType = sourcecode.c.objc; path = HomePageTableViewCell.m; sourceTree = "<group>"; };
		D33E25F51999BE7F0068C2C5 /* DetailContactTableViewCell.h */ = {isa = PBXFileReference; fileEncoding = 4; lastKnownFileType = sourcecode.c.h; path = DetailContactTableViewCell.h; sourceTree = "<group>"; };
		D33E25F61999BE7F0068C2C5 /* DetailContactTableViewCell.m */ = {isa = PBXFileReference; fileEncoding = 4; lastKnownFileType = sourcecode.c.objc; path = DetailContactTableViewCell.m; sourceTree = "<group>"; };
		D348EE461999C85900066239 /* ToolView.h */ = {isa = PBXFileReference; fileEncoding = 4; lastKnownFileType = sourcecode.c.h; path = ToolView.h; sourceTree = "<group>"; };
		D348EE471999C85900066239 /* ToolView.m */ = {isa = PBXFileReference; fileEncoding = 4; lastKnownFileType = sourcecode.c.objc; path = ToolView.m; sourceTree = "<group>"; };
		D348EE491999CCBB00066239 /* DetailContentTableViewCell.h */ = {isa = PBXFileReference; fileEncoding = 4; lastKnownFileType = sourcecode.c.h; path = DetailContentTableViewCell.h; sourceTree = "<group>"; };
		D348EE4A1999CCBB00066239 /* DetailContentTableViewCell.m */ = {isa = PBXFileReference; fileEncoding = 4; lastKnownFileType = sourcecode.c.objc; path = DetailContentTableViewCell.m; sourceTree = "<group>"; };
		D348EE4C1999CD4200066239 /* 04_032.png */ = {isa = PBXFileReference; lastKnownFileType = image.png; path = 04_032.png; sourceTree = "<group>"; };
		D348EE4D1999CD4200066239 /* 04_052.png */ = {isa = PBXFileReference; lastKnownFileType = image.png; path = 04_052.png; sourceTree = "<group>"; };
		D348EE4E1999CD4200066239 /* 04_062.png */ = {isa = PBXFileReference; lastKnownFileType = image.png; path = 04_062.png; sourceTree = "<group>"; };
		D348EE521999D2CF00066239 /* Message.h */ = {isa = PBXFileReference; fileEncoding = 4; lastKnownFileType = sourcecode.c.h; path = Message.h; sourceTree = "<group>"; };
		D348EE531999D2CF00066239 /* Message.m */ = {isa = PBXFileReference; fileEncoding = 4; lastKnownFileType = sourcecode.c.objc; path = Message.m; sourceTree = "<group>"; };
		D348EE571999D8F500066239 /* EGOCache.h */ = {isa = PBXFileReference; fileEncoding = 4; lastKnownFileType = sourcecode.c.h; path = EGOCache.h; sourceTree = "<group>"; };
		D348EE581999D8F500066239 /* EGOCache.m */ = {isa = PBXFileReference; fileEncoding = 4; lastKnownFileType = sourcecode.c.objc; path = EGOCache.m; sourceTree = "<group>"; };
		D348EE5A1999D8F500066239 /* EGOImageLoadConnection.h */ = {isa = PBXFileReference; fileEncoding = 4; lastKnownFileType = sourcecode.c.h; path = EGOImageLoadConnection.h; sourceTree = "<group>"; };
		D348EE5B1999D8F500066239 /* EGOImageLoadConnection.m */ = {isa = PBXFileReference; fileEncoding = 4; lastKnownFileType = sourcecode.c.objc; path = EGOImageLoadConnection.m; sourceTree = "<group>"; };
		D348EE5C1999D8F500066239 /* EGOImageLoader.h */ = {isa = PBXFileReference; fileEncoding = 4; lastKnownFileType = sourcecode.c.h; path = EGOImageLoader.h; sourceTree = "<group>"; };
		D348EE5D1999D8F500066239 /* EGOImageLoader.m */ = {isa = PBXFileReference; fileEncoding = 4; lastKnownFileType = sourcecode.c.objc; path = EGOImageLoader.m; sourceTree = "<group>"; };
		D348EE5E1999D8F500066239 /* EGOImageView.h */ = {isa = PBXFileReference; fileEncoding = 4; lastKnownFileType = sourcecode.c.h; path = EGOImageView.h; sourceTree = "<group>"; };
		D348EE5F1999D8F500066239 /* EGOImageView.m */ = {isa = PBXFileReference; fileEncoding = 4; lastKnownFileType = sourcecode.c.objc; path = EGOImageView.m; sourceTree = "<group>"; };
		D348EE641999F09A00066239 /* QuartzCore.framework */ = {isa = PBXFileReference; lastKnownFileType = wrapper.framework; name = QuartzCore.framework; path = System/Library/Frameworks/QuartzCore.framework; sourceTree = SDKROOT; };
		D361D50D19984F1C004B86AF /* HomePageTopView.h */ = {isa = PBXFileReference; fileEncoding = 4; lastKnownFileType = sourcecode.c.h; path = HomePageTopView.h; sourceTree = "<group>"; };
		D361D50E19984F1C004B86AF /* HomePageTopView.m */ = {isa = PBXFileReference; fileEncoding = 4; lastKnownFileType = sourcecode.c.objc; path = HomePageTopView.m; sourceTree = "<group>"; };
		D361D51019985A72004B86AF /* HomePageTopContentView.h */ = {isa = PBXFileReference; fileEncoding = 4; lastKnownFileType = sourcecode.c.h; path = HomePageTopContentView.h; sourceTree = "<group>"; };
		D361D51119985A72004B86AF /* HomePageTopContentView.m */ = {isa = PBXFileReference; fileEncoding = 4; lastKnownFileType = sourcecode.c.objc; path = HomePageTopContentView.m; sourceTree = "<group>"; };
		D361D51319986C9A004B86AF /* 字_03.png */ = {isa = PBXFileReference; lastKnownFileType = image.png; path = "字_03.png"; sourceTree = "<group>"; };
		D361D51419986C9A004B86AF /* 字2_03.png */ = {isa = PBXFileReference; lastKnownFileType = image.png; path = "字2_03.png"; sourceTree = "<group>"; };
		D361D51719987A3B004B86AF /* Camera.h */ = {isa = PBXFileReference; fileEncoding = 4; lastKnownFileType = sourcecode.c.h; path = Camera.h; sourceTree = "<group>"; };
		D361D51819987A3B004B86AF /* Camera.m */ = {isa = PBXFileReference; fileEncoding = 4; lastKnownFileType = sourcecode.c.objc; path = Camera.m; sourceTree = "<group>"; };
		D361D51B19987D2C004B86AF /* ReleasePageViewController.h */ = {isa = PBXFileReference; fileEncoding = 4; lastKnownFileType = sourcecode.c.h; path = ReleasePageViewController.h; sourceTree = "<group>"; };
		D361D51C19987D2C004B86AF /* ReleasePageViewController.m */ = {isa = PBXFileReference; fileEncoding = 4; lastKnownFileType = sourcecode.c.objc; path = ReleasePageViewController.m; sourceTree = "<group>"; };
		D361D51E1998897F004B86AF /* 04-1_03.png */ = {isa = PBXFileReference; lastKnownFileType = image.png; path = "04-1_03.png"; sourceTree = "<group>"; };
		D361D5201998898B004B86AF /* 03-2_03.png */ = {isa = PBXFileReference; lastKnownFileType = image.png; path = "03-2_03.png"; sourceTree = "<group>"; };
		D361D5211998898B004B86AF /* 03-2_07.png */ = {isa = PBXFileReference; lastKnownFileType = image.png; path = "03-2_07.png"; sourceTree = "<group>"; };
		D361D5221998898B004B86AF /* 03-2_11.png */ = {isa = PBXFileReference; lastKnownFileType = image.png; path = "03-2_11.png"; sourceTree = "<group>"; };
		D361D52619988FDD004B86AF /* _03.png */ = {isa = PBXFileReference; lastKnownFileType = image.png; path = _03.png; sourceTree = "<group>"; };
		D361D5281998980D004B86AF /* HomePageDefaultTableViewCell.h */ = {isa = PBXFileReference; fileEncoding = 4; lastKnownFileType = sourcecode.c.h; path = HomePageDefaultTableViewCell.h; sourceTree = "<group>"; };
		D361D5291998980D004B86AF /* HomePageDefaultTableViewCell.m */ = {isa = PBXFileReference; fileEncoding = 4; lastKnownFileType = sourcecode.c.objc; path = HomePageDefaultTableViewCell.m; sourceTree = "<group>"; };
		D3B1495219989F8B00F83FA7 /* LoginViewController.h */ = {isa = PBXFileReference; fileEncoding = 4; lastKnownFileType = sourcecode.c.h; path = LoginViewController.h; sourceTree = "<group>"; };
		D3B1495319989F8B00F83FA7 /* LoginViewController.m */ = {isa = PBXFileReference; fileEncoding = 4; lastKnownFileType = sourcecode.c.objc; path = LoginViewController.m; sourceTree = "<group>"; };
		D3B149561998A64600F83FA7 /* buttonhover.png */ = {isa = PBXFileReference; lastKnownFileType = image.png; path = buttonhover.png; sourceTree = "<group>"; };
		D3B149571998A64600F83FA7 /* buttonnormal.png */ = {isa = PBXFileReference; lastKnownFileType = image.png; path = buttonnormal.png; sourceTree = "<group>"; };
		D3B149581998A64600F83FA7 /* close_btn_src_normal.png */ = {isa = PBXFileReference; lastKnownFileType = image.png; path = close_btn_src_normal.png; sourceTree = "<group>"; };
		D3B149591998A64600F83FA7 /* closeimg.png */ = {isa = PBXFileReference; lastKnownFileType = image.png; path = closeimg.png; sourceTree = "<group>"; };
		D3B1495A1998A64600F83FA7 /* mm.png */ = {isa = PBXFileReference; lastKnownFileType = image.png; path = mm.png; sourceTree = "<group>"; };
		D3B1495B1998A64600F83FA7 /* qzone0.jpg */ = {isa = PBXFileReference; lastKnownFileType = image.jpeg; path = qzone0.jpg; sourceTree = "<group>"; };
		D3B1495C1998A64600F83FA7 /* qzone1.jpg */ = {isa = PBXFileReference; lastKnownFileType = image.jpeg; path = qzone1.jpg; sourceTree = "<group>"; };
		D3B1495D1998A64600F83FA7 /* qzone2.jpg */ = {isa = PBXFileReference; lastKnownFileType = image.jpeg; path = qzone2.jpg; sourceTree = "<group>"; };
		D3B1495E1998A64600F83FA7 /* qzone3.jpg */ = {isa = PBXFileReference; lastKnownFileType = image.jpeg; path = qzone3.jpg; sourceTree = "<group>"; };
		D3B1495F1998A64600F83FA7 /* qzone4.jpg */ = {isa = PBXFileReference; lastKnownFileType = image.jpeg; path = qzone4.jpg; sourceTree = "<group>"; };
		D3B149601998A64600F83FA7 /* qzone5.jpg */ = {isa = PBXFileReference; lastKnownFileType = image.jpeg; path = qzone5.jpg; sourceTree = "<group>"; };
		D3B149611998A64600F83FA7 /* ShareViewController.xib */ = {isa = PBXFileReference; fileEncoding = 4; lastKnownFileType = file.xib; path = ShareViewController.xib; sourceTree = "<group>"; };
		D3B149621998A64600F83FA7 /* title_btn.png */ = {isa = PBXFileReference; lastKnownFileType = image.png; path = title_btn.png; sourceTree = "<group>"; };
		D3B149631998A64600F83FA7 /* toolbar.png */ = {isa = PBXFileReference; lastKnownFileType = image.png; path = toolbar.png; sourceTree = "<group>"; };
		D3B149741998A68200F83FA7 /* TencentOpenApi_IOS_Bundle.bundle */ = {isa = PBXFileReference; lastKnownFileType = "wrapper.plug-in"; path = TencentOpenApi_IOS_Bundle.bundle; sourceTree = "<group>"; };
		D3B149761998A68F00F83FA7 /* TencentOpenAPI.framework */ = {isa = PBXFileReference; lastKnownFileType = wrapper.framework; name = TencentOpenAPI.framework; path = MUCH/Tools/qq/TencentOpenAPI.framework; sourceTree = "<group>"; };
		D3B149781998A88400F83FA7 /* libz.1.1.3.dylib */ = {isa = PBXFileReference; lastKnownFileType = "compiled.mach-o.dylib"; name = libz.1.1.3.dylib; path = usr/lib/libz.1.1.3.dylib; sourceTree = SDKROOT; };
		D3B1497A1998A89400F83FA7 /* libstdc++.dylib */ = {isa = PBXFileReference; lastKnownFileType = "compiled.mach-o.dylib"; name = "libstdc++.dylib"; path = "usr/lib/libstdc++.dylib"; sourceTree = SDKROOT; };
		D3B1497C1998A8A200F83FA7 /* libsqlite3.0.dylib */ = {isa = PBXFileReference; lastKnownFileType = "compiled.mach-o.dylib"; name = libsqlite3.0.dylib; path = usr/lib/libsqlite3.0.dylib; sourceTree = SDKROOT; };
		D3B1497E1998A8B100F83FA7 /* SystemConfiguration.framework */ = {isa = PBXFileReference; lastKnownFileType = wrapper.framework; name = SystemConfiguration.framework; path = System/Library/Frameworks/SystemConfiguration.framework; sourceTree = SDKROOT; };
		D3B149801998A8B900F83FA7 /* CoreTelephony.framework */ = {isa = PBXFileReference; lastKnownFileType = wrapper.framework; name = CoreTelephony.framework; path = System/Library/Frameworks/CoreTelephony.framework; sourceTree = SDKROOT; };
		D3B149841998ADA300F83FA7 /* libWeiboSDK.a */ = {isa = PBXFileReference; lastKnownFileType = archive.ar; path = libWeiboSDK.a; sourceTree = "<group>"; };
		D3B149851998ADA300F83FA7 /* WeiboSDK.bundle */ = {isa = PBXFileReference; lastKnownFileType = "wrapper.plug-in"; path = WeiboSDK.bundle; sourceTree = "<group>"; };
		D3B149861998ADA300F83FA7 /* WeiboSDK.h */ = {isa = PBXFileReference; fileEncoding = 4; lastKnownFileType = sourcecode.c.h; path = WeiboSDK.h; sourceTree = "<group>"; };
		D3B149931998DA4800F83FA7 /* ANBlurredImageView.h */ = {isa = PBXFileReference; fileEncoding = 4; lastKnownFileType = sourcecode.c.h; path = ANBlurredImageView.h; sourceTree = "<group>"; };
		D3B149941998DA4800F83FA7 /* ANBlurredImageView.m */ = {isa = PBXFileReference; fileEncoding = 4; lastKnownFileType = sourcecode.c.objc; path = ANBlurredImageView.m; sourceTree = "<group>"; };
		D3B149951998DA4800F83FA7 /* UIImage+BoxBlur.h */ = {isa = PBXFileReference; fileEncoding = 4; lastKnownFileType = sourcecode.c.h; path = "UIImage+BoxBlur.h"; sourceTree = "<group>"; };
		D3B149961998DA4800F83FA7 /* UIImage+BoxBlur.m */ = {isa = PBXFileReference; fileEncoding = 4; lastKnownFileType = sourcecode.c.objc; path = "UIImage+BoxBlur.m"; sourceTree = "<group>"; };
		D3B149991998DD6200F83FA7 /* nature.jpg */ = {isa = PBXFileReference; lastKnownFileType = image.jpeg; path = nature.jpg; sourceTree = "<group>"; };
		D3B1499B19999F1D00F83FA7 /* CoreLocation.framework */ = {isa = PBXFileReference; lastKnownFileType = wrapper.framework; name = CoreLocation.framework; path = System/Library/Frameworks/CoreLocation.framework; sourceTree = SDKROOT; };
		D3B1499E1999A3DA00F83FA7 /* gps.db */ = {isa = PBXFileReference; lastKnownFileType = file; path = gps.db; sourceTree = "<group>"; };
		D3B149A01999A3DA00F83FA7 /* CSqlite.h */ = {isa = PBXFileReference; fileEncoding = 4; lastKnownFileType = sourcecode.c.h; path = CSqlite.h; sourceTree = "<group>"; };
		D3B149A11999A3DA00F83FA7 /* CSqlite.m */ = {isa = PBXFileReference; fileEncoding = 4; lastKnownFileType = sourcecode.c.objc; path = CSqlite.m; sourceTree = "<group>"; };
		D3B149A41999A3DA00F83FA7 /* sqlite3.h */ = {isa = PBXFileReference; fileEncoding = 4; lastKnownFileType = sourcecode.c.h; path = sqlite3.h; sourceTree = "<group>"; };
		D3B149A51999A3DA00F83FA7 /* sqlite3ext.h */ = {isa = PBXFileReference; fileEncoding = 4; lastKnownFileType = sourcecode.c.h; path = sqlite3ext.h; sourceTree = "<group>"; };
		D3B149AA1999A90D00F83FA7 /* 091_03.png */ = {isa = PBXFileReference; lastKnownFileType = image.png; path = 091_03.png; sourceTree = "<group>"; };
		D3B149AC1999A99300F83FA7 /* 09-2_032.png */ = {isa = PBXFileReference; lastKnownFileType = image.png; path = "09-2_032.png"; sourceTree = "<group>"; };
		D3B149AE1999AE1B00F83FA7 /* 登陆_03.png */ = {isa = PBXFileReference; lastKnownFileType = image.png; path = "登陆_03.png"; sourceTree = "<group>"; };
		D3B149B01999AE2600F83FA7 /* 注册_03.png */ = {isa = PBXFileReference; lastKnownFileType = image.png; path = "注册_03.png"; sourceTree = "<group>"; };
		D3B149B31999B04A00F83FA7 /* DetailViewController.h */ = {isa = PBXFileReference; fileEncoding = 4; lastKnownFileType = sourcecode.c.h; path = DetailViewController.h; sourceTree = "<group>"; };
		D3B149B41999B04A00F83FA7 /* DetailViewController.m */ = {isa = PBXFileReference; fileEncoding = 4; lastKnownFileType = sourcecode.c.objc; path = DetailViewController.m; sourceTree = "<group>"; };
		D3B149B61999B4F700F83FA7 /* DetailHeadTableViewCell.h */ = {isa = PBXFileReference; fileEncoding = 4; lastKnownFileType = sourcecode.c.h; path = DetailHeadTableViewCell.h; sourceTree = "<group>"; };
		D3B149B71999B4F700F83FA7 /* DetailHeadTableViewCell.m */ = {isa = PBXFileReference; fileEncoding = 4; lastKnownFileType = sourcecode.c.objc; path = DetailHeadTableViewCell.m; sourceTree = "<group>"; };
/* End PBXFileReference section */

/* Begin PBXFrameworksBuildPhase section */
		D30DDB261994B897007A8A9C /* Frameworks */ = {
			isa = PBXFrameworksBuildPhase;
			buildActionMask = 2147483647;
			files = (
				D348EE651999F09A00066239 /* QuartzCore.framework in Frameworks */,
				D3B1499C19999F1D00F83FA7 /* CoreLocation.framework in Frameworks */,
				D3B149871998ADA300F83FA7 /* libWeiboSDK.a in Frameworks */,
				D3B149811998A8B900F83FA7 /* CoreTelephony.framework in Frameworks */,
				D3B1497F1998A8B100F83FA7 /* SystemConfiguration.framework in Frameworks */,
				D3B1497D1998A8A200F83FA7 /* libsqlite3.0.dylib in Frameworks */,
				D3B1497B1998A89400F83FA7 /* libstdc++.dylib in Frameworks */,
				D3B149791998A88400F83FA7 /* libz.1.1.3.dylib in Frameworks */,
				D3B149771998A68F00F83FA7 /* TencentOpenAPI.framework in Frameworks */,
				D30DDB2F1994B897007A8A9C /* CoreGraphics.framework in Frameworks */,
				D30DDB311994B897007A8A9C /* UIKit.framework in Frameworks */,
				D30DDB2D1994B897007A8A9C /* Foundation.framework in Frameworks */,
			);
			runOnlyForDeploymentPostprocessing = 0;
		};
		D30DDB411994B897007A8A9C /* Frameworks */ = {
			isa = PBXFrameworksBuildPhase;
			buildActionMask = 2147483647;
			files = (
				D30DDB461994B897007A8A9C /* XCTest.framework in Frameworks */,
				D30DDB481994B897007A8A9C /* UIKit.framework in Frameworks */,
				D30DDB471994B897007A8A9C /* Foundation.framework in Frameworks */,
			);
			runOnlyForDeploymentPostprocessing = 0;
		};
/* End PBXFrameworksBuildPhase section */

/* Begin PBXGroup section */
		D30DDB201994B897007A8A9C = {
			isa = PBXGroup;
			children = (
				D30DDB321994B897007A8A9C /* MUCH */,
				D30DDB4B1994B897007A8A9C /* MUCHTests */,
				D30DDB2B1994B897007A8A9C /* Frameworks */,
				D30DDB2A1994B897007A8A9C /* Products */,
			);
			sourceTree = "<group>";
		};
		D30DDB2A1994B897007A8A9C /* Products */ = {
			isa = PBXGroup;
			children = (
				D30DDB291994B897007A8A9C /* MUCH.app */,
				D30DDB441994B897007A8A9C /* MUCHTests.xctest */,
			);
			name = Products;
			sourceTree = "<group>";
		};
		D30DDB2B1994B897007A8A9C /* Frameworks */ = {
			isa = PBXGroup;
			children = (
				D348EE641999F09A00066239 /* QuartzCore.framework */,
				D3B1499B19999F1D00F83FA7 /* CoreLocation.framework */,
				D3B149801998A8B900F83FA7 /* CoreTelephony.framework */,
				D3B1497E1998A8B100F83FA7 /* SystemConfiguration.framework */,
				D3B1497C1998A8A200F83FA7 /* libsqlite3.0.dylib */,
				D3B1497A1998A89400F83FA7 /* libstdc++.dylib */,
				D3B149781998A88400F83FA7 /* libz.1.1.3.dylib */,
				D3B149761998A68F00F83FA7 /* TencentOpenAPI.framework */,
				D30DDB2C1994B897007A8A9C /* Foundation.framework */,
				D30DDB2E1994B897007A8A9C /* CoreGraphics.framework */,
				D30DDB301994B897007A8A9C /* UIKit.framework */,
				D30DDB451994B897007A8A9C /* XCTest.framework */,
			);
			name = Frameworks;
			sourceTree = "<group>";
		};
		D30DDB321994B897007A8A9C /* MUCH */ = {
			isa = PBXGroup;
			children = (
				D3B149B21999B03700F83FA7 /* DetailPage */,
				D3B149721998A66300F83FA7 /* Tools */,
				D3B1495119989F7500F83FA7 /* Login */,
				D361D51A19987D1D004B86AF /* ReleasePage */,
				D30DDB5B1994CC7D007A8A9C /* HomePage */,
				D30DDB3B1994B897007A8A9C /* AppDelegate.h */,
				D30DDB3C1994B897007A8A9C /* AppDelegate.m */,
				D30DDB3E1994B897007A8A9C /* Images.xcassets */,
				D30DDB331994B897007A8A9C /* Supporting Files */,
			);
			path = MUCH;
			sourceTree = "<group>";
		};
		D30DDB331994B897007A8A9C /* Supporting Files */ = {
			isa = PBXGroup;
			children = (
				D30DDB5F1995ED39007A8A9C /* images */,
				D30DDB341994B897007A8A9C /* MUCH-Info.plist */,
				D30DDB351994B897007A8A9C /* InfoPlist.strings */,
				D30DDB381994B897007A8A9C /* main.m */,
				D30DDB3A1994B897007A8A9C /* MUCH-Prefix.pch */,
			);
			name = "Supporting Files";
			sourceTree = "<group>";
		};
		D30DDB4B1994B897007A8A9C /* MUCHTests */ = {
			isa = PBXGroup;
			children = (
				D30DDB511994B897007A8A9C /* MUCHTests.m */,
				D30DDB4C1994B897007A8A9C /* Supporting Files */,
			);
			path = MUCHTests;
			sourceTree = "<group>";
		};
		D30DDB4C1994B897007A8A9C /* Supporting Files */ = {
			isa = PBXGroup;
			children = (
				D30DDB4D1994B897007A8A9C /* MUCHTests-Info.plist */,
				D30DDB4E1994B897007A8A9C /* InfoPlist.strings */,
			);
			name = "Supporting Files";
			sourceTree = "<group>";
		};
		D30DDB5B1994CC7D007A8A9C /* HomePage */ = {
			isa = PBXGroup;
			children = (
				D361D51719987A3B004B86AF /* Camera.h */,
				D361D51819987A3B004B86AF /* Camera.m */,
				D30DDB5C1994CCED007A8A9C /* HomePageViewController.h */,
				D30DDB5D1994CCED007A8A9C /* HomePageViewController.m */,
				D30DDBB81996230C007A8A9C /* HomePageTableViewCell.h */,
				D30DDBB91996230C007A8A9C /* HomePageTableViewCell.m */,
				D361D50D19984F1C004B86AF /* HomePageTopView.h */,
				D361D50E19984F1C004B86AF /* HomePageTopView.m */,
				D361D51019985A72004B86AF /* HomePageTopContentView.h */,
				D361D51119985A72004B86AF /* HomePageTopContentView.m */,
				D361D5281998980D004B86AF /* HomePageDefaultTableViewCell.h */,
				D361D5291998980D004B86AF /* HomePageDefaultTableViewCell.m */,
			);
			path = HomePage;
			sourceTree = "<group>";
		};
		D30DDB5F1995ED39007A8A9C /* images */ = {
			isa = PBXGroup;
			children = (
				D348EE4C1999CD4200066239 /* 04_032.png */,
				D348EE4D1999CD4200066239 /* 04_052.png */,
				D348EE4E1999CD4200066239 /* 04_062.png */,
				D3B149B01999AE2600F83FA7 /* 注册_03.png */,
				D3B149AE1999AE1B00F83FA7 /* 登陆_03.png */,
				D3B149AC1999A99300F83FA7 /* 09-2_032.png */,
				D3B149AA1999A90D00F83FA7 /* 091_03.png */,
				D3B149991998DD6200F83FA7 /* nature.jpg */,
				D3B149551998A64600F83FA7 /* Res */,
				D361D52619988FDD004B86AF /* _03.png */,
				D361D5201998898B004B86AF /* 03-2_03.png */,
				D361D5211998898B004B86AF /* 03-2_07.png */,
				D361D5221998898B004B86AF /* 03-2_11.png */,
				D361D51E1998897F004B86AF /* 04-1_03.png */,
				D361D51319986C9A004B86AF /* 字_03.png */,
				D361D51419986C9A004B86AF /* 字2_03.png */,
				D30DDB601995ED39007A8A9C /* 03-1_03.png */,
				D30DDB611995ED39007A8A9C /* 03-1_06.png */,
				D30DDB621995ED39007A8A9C /* 03-1_09.png */,
				D30DDB631995ED39007A8A9C /* 03-1_12.png */,
				D30DDB641995ED39007A8A9C /* 03-1_15.png */,
				D30DDB651995ED39007A8A9C /* 03-1_17.png */,
				D30DDB661995ED39007A8A9C /* 03-1_24.png */,
				D30DDB671995ED39007A8A9C /* 03-1_30.png */,
				D30DDB681995ED39007A8A9C /* 03-1_34.png */,
				D30DDB691995ED39007A8A9C /* 03_03.png */,
				D30DDB6A1995ED39007A8A9C /* 04_03.png */,
				D30DDB6B1995ED39007A8A9C /* 04_07.png */,
				D30DDB6C1995ED39007A8A9C /* 04_09.png */,
				D30DDB6D1995ED39007A8A9C /* 04_14.png */,
				D30DDB6E1995ED39007A8A9C /* 04_17.png */,
				D30DDB6F1995ED39007A8A9C /* 04_20.png */,
				D30DDB701995ED39007A8A9C /* 04_23.png */,
				D30DDB711995ED39007A8A9C /* 04_26.png */,
				D30DDB721995ED39007A8A9C /* 04_32.png */,
				D30DDB731995ED39007A8A9C /* 04_35.png */,
				D30DDB741995ED39007A8A9C /* 06_03.png */,
				D30DDB751995ED39007A8A9C /* 06_06.png */,
				D30DDB761995ED39007A8A9C /* 06_11.png */,
				D30DDB771995ED39007A8A9C /* 06_15.png */,
				D30DDB781995ED39007A8A9C /* 06_18.png */,
				D30DDB791995ED39007A8A9C /* 07_03.png */,
				D30DDB7A1995ED39007A8A9C /* 07_07.png */,
				D30DDB7B1995ED39007A8A9C /* 07_11.png */,
				D30DDB7C1995ED39007A8A9C /* 07_13.png */,
				D30DDB7D1995ED39007A8A9C /* 07_15.png */,
				D30DDB7E1995ED39007A8A9C /* 07_17.png */,
				D30DDB7F1995ED39007A8A9C /* 09-1_03.png */,
				D30DDB801995ED39007A8A9C /* 09-1_07.png */,
				D30DDB811995ED39007A8A9C /* 09-1_11.png */,
				D30DDB821995ED39007A8A9C /* 09-2_03.png */,
				D30DDB831995ED39007A8A9C /* 09-2_07.png */,
				D30DDB841995ED39007A8A9C /* 09-2_11.png */,
				D30DDB851995ED39007A8A9C /* 09-2_15.png */,
				D30DDB861995ED39007A8A9C /* 09-2_19.png */,
				D30DDB871995ED39007A8A9C /* 09_03.png */,
				D30DDB881995ED39007A8A9C /* 09_06.png */,
				D30DDB891995ED39007A8A9C /* 09_08.png */,
				D30DDB8A1995ED39007A8A9C /* 12_03.png */,
				D30DDB8B1995ED39007A8A9C /* 12_06.png */,
			);
			path = images;
			sourceTree = "<group>";
		};
		D348EE551999D8F500066239 /* EGOImageView */ = {
			isa = PBXGroup;
			children = (
				D348EE561999D8F500066239 /* EGOCache */,
				D348EE591999D8F500066239 /* EGOImageLoader */,
				D348EE5E1999D8F500066239 /* EGOImageView.h */,
				D348EE5F1999D8F500066239 /* EGOImageView.m */,
			);
			path = EGOImageView;
			sourceTree = "<group>";
		};
		D348EE561999D8F500066239 /* EGOCache */ = {
			isa = PBXGroup;
			children = (
				D348EE571999D8F500066239 /* EGOCache.h */,
				D348EE581999D8F500066239 /* EGOCache.m */,
			);
			path = EGOCache;
			sourceTree = "<group>";
		};
		D348EE591999D8F500066239 /* EGOImageLoader */ = {
			isa = PBXGroup;
			children = (
				D348EE5A1999D8F500066239 /* EGOImageLoadConnection.h */,
				D348EE5B1999D8F500066239 /* EGOImageLoadConnection.m */,
				D348EE5C1999D8F500066239 /* EGOImageLoader.h */,
				D348EE5D1999D8F500066239 /* EGOImageLoader.m */,
			);
			path = EGOImageLoader;
			sourceTree = "<group>";
		};
		D361D51A19987D1D004B86AF /* ReleasePage */ = {
			isa = PBXGroup;
			children = (
				D361D51B19987D2C004B86AF /* ReleasePageViewController.h */,
				D361D51C19987D2C004B86AF /* ReleasePageViewController.m */,
			);
			path = ReleasePage;
			sourceTree = "<group>";
		};
		D3B1495119989F7500F83FA7 /* Login */ = {
			isa = PBXGroup;
			children = (
				D3B1495219989F8B00F83FA7 /* LoginViewController.h */,
				D3B1495319989F8B00F83FA7 /* LoginViewController.m */,
			);
			path = Login;
			sourceTree = "<group>";
		};
		D3B149551998A64600F83FA7 /* Res */ = {
			isa = PBXGroup;
			children = (
				D3B149561998A64600F83FA7 /* buttonhover.png */,
				D3B149571998A64600F83FA7 /* buttonnormal.png */,
				D3B149581998A64600F83FA7 /* close_btn_src_normal.png */,
				D3B149591998A64600F83FA7 /* closeimg.png */,
				D3B1495A1998A64600F83FA7 /* mm.png */,
				D3B1495B1998A64600F83FA7 /* qzone0.jpg */,
				D3B1495C1998A64600F83FA7 /* qzone1.jpg */,
				D3B1495D1998A64600F83FA7 /* qzone2.jpg */,
				D3B1495E1998A64600F83FA7 /* qzone3.jpg */,
				D3B1495F1998A64600F83FA7 /* qzone4.jpg */,
				D3B149601998A64600F83FA7 /* qzone5.jpg */,
				D3B149611998A64600F83FA7 /* ShareViewController.xib */,
				D3B149621998A64600F83FA7 /* title_btn.png */,
				D3B149631998A64600F83FA7 /* toolbar.png */,
			);
			path = Res;
			sourceTree = "<group>";
		};
		D3B149721998A66300F83FA7 /* Tools */ = {
			isa = PBXGroup;
			children = (
				D348EE551999D8F500066239 /* EGOImageView */,
				D3B1499D1999A3DA00F83FA7 /* GPS */,
				D3B149891998BEE900F83FA7 /* JCRBlurView */,
				D3B149821998ADA300F83FA7 /* sina */,
				D3B149731998A66300F83FA7 /* qq */,
			);
			path = Tools;
			sourceTree = "<group>";
		};
		D3B149731998A66300F83FA7 /* qq */ = {
			isa = PBXGroup;
			children = (
				D3B149741998A68200F83FA7 /* TencentOpenApi_IOS_Bundle.bundle */,
			);
			path = qq;
			sourceTree = "<group>";
		};
		D3B149821998ADA300F83FA7 /* sina */ = {
			isa = PBXGroup;
			children = (
				D3B149831998ADA300F83FA7 /* libWeiboSDK */,
			);
			path = sina;
			sourceTree = "<group>";
		};
		D3B149831998ADA300F83FA7 /* libWeiboSDK */ = {
			isa = PBXGroup;
			children = (
				D3B149841998ADA300F83FA7 /* libWeiboSDK.a */,
				D3B149851998ADA300F83FA7 /* WeiboSDK.bundle */,
				D3B149861998ADA300F83FA7 /* WeiboSDK.h */,
			);
			path = libWeiboSDK;
			sourceTree = "<group>";
		};
		D3B149891998BEE900F83FA7 /* JCRBlurView */ = {
			isa = PBXGroup;
			children = (
				D3B149931998DA4800F83FA7 /* ANBlurredImageView.h */,
				D3B149941998DA4800F83FA7 /* ANBlurredImageView.m */,
				D3B149951998DA4800F83FA7 /* UIImage+BoxBlur.h */,
				D3B149961998DA4800F83FA7 /* UIImage+BoxBlur.m */,
			);
			path = JCRBlurView;
			sourceTree = "<group>";
		};
		D3B1499D1999A3DA00F83FA7 /* GPS */ = {
			isa = PBXGroup;
			children = (
				D3B1499E1999A3DA00F83FA7 /* gps.db */,
				D3B1499F1999A3DA00F83FA7 /* Sqlite */,
			);
			path = GPS;
			sourceTree = "<group>";
		};
		D3B1499F1999A3DA00F83FA7 /* Sqlite */ = {
			isa = PBXGroup;
			children = (
				D3B149A01999A3DA00F83FA7 /* CSqlite.h */,
				D3B149A11999A3DA00F83FA7 /* CSqlite.m */,
				D3B149A41999A3DA00F83FA7 /* sqlite3.h */,
				D3B149A51999A3DA00F83FA7 /* sqlite3ext.h */,
			);
			path = Sqlite;
			sourceTree = "<group>";
		};
		D3B149B21999B03700F83FA7 /* DetailPage */ = {
			isa = PBXGroup;
			children = (
				D3B149B31999B04A00F83FA7 /* DetailViewController.h */,
				D3B149B41999B04A00F83FA7 /* DetailViewController.m */,
				D3B149B61999B4F700F83FA7 /* DetailHeadTableViewCell.h */,
				D3B149B71999B4F700F83FA7 /* DetailHeadTableViewCell.m */,
				D33E25F51999BE7F0068C2C5 /* DetailContactTableViewCell.h */,
				D33E25F61999BE7F0068C2C5 /* DetailContactTableViewCell.m */,
				D348EE461999C85900066239 /* ToolView.h */,
				D348EE471999C85900066239 /* ToolView.m */,
				D348EE491999CCBB00066239 /* DetailContentTableViewCell.h */,
				D348EE4A1999CCBB00066239 /* DetailContentTableViewCell.m */,
				D348EE521999D2CF00066239 /* Message.h */,
				D348EE531999D2CF00066239 /* Message.m */,
			);
			path = DetailPage;
			sourceTree = "<group>";
		};
/* End PBXGroup section */

/* Begin PBXNativeTarget section */
		D30DDB281994B897007A8A9C /* MUCH */ = {
			isa = PBXNativeTarget;
			buildConfigurationList = D30DDB551994B897007A8A9C /* Build configuration list for PBXNativeTarget "MUCH" */;
			buildPhases = (
				D30DDB251994B897007A8A9C /* Sources */,
				D30DDB261994B897007A8A9C /* Frameworks */,
				D30DDB271994B897007A8A9C /* Resources */,
			);
			buildRules = (
			);
			dependencies = (
			);
			name = MUCH;
			productName = MUCH;
			productReference = D30DDB291994B897007A8A9C /* MUCH.app */;
			productType = "com.apple.product-type.application";
		};
		D30DDB431994B897007A8A9C /* MUCHTests */ = {
			isa = PBXNativeTarget;
			buildConfigurationList = D30DDB581994B897007A8A9C /* Build configuration list for PBXNativeTarget "MUCHTests" */;
			buildPhases = (
				D30DDB401994B897007A8A9C /* Sources */,
				D30DDB411994B897007A8A9C /* Frameworks */,
				D30DDB421994B897007A8A9C /* Resources */,
			);
			buildRules = (
			);
			dependencies = (
				D30DDB4A1994B897007A8A9C /* PBXTargetDependency */,
			);
			name = MUCHTests;
			productName = MUCHTests;
			productReference = D30DDB441994B897007A8A9C /* MUCHTests.xctest */;
			productType = "com.apple.product-type.bundle.unit-test";
		};
/* End PBXNativeTarget section */

/* Begin PBXProject section */
		D30DDB211994B897007A8A9C /* Project object */ = {
			isa = PBXProject;
			attributes = {
				LastUpgradeCheck = 0510;
				ORGANIZATIONNAME = lanjr;
				TargetAttributes = {
					D30DDB281994B897007A8A9C = {
						DevelopmentTeam = 4ZYUXBS9ZB;
					};
					D30DDB431994B897007A8A9C = {
						TestTargetID = D30DDB281994B897007A8A9C;
					};
				};
			};
			buildConfigurationList = D30DDB241994B897007A8A9C /* Build configuration list for PBXProject "MUCH" */;
			compatibilityVersion = "Xcode 3.2";
			developmentRegion = English;
			hasScannedForEncodings = 0;
			knownRegions = (
				en,
			);
			mainGroup = D30DDB201994B897007A8A9C;
			productRefGroup = D30DDB2A1994B897007A8A9C /* Products */;
			projectDirPath = "";
			projectRoot = "";
			targets = (
				D30DDB281994B897007A8A9C /* MUCH */,
				D30DDB431994B897007A8A9C /* MUCHTests */,
			);
		};
/* End PBXProject section */

/* Begin PBXResourcesBuildPhase section */
		D30DDB271994B897007A8A9C /* Resources */ = {
			isa = PBXResourcesBuildPhase;
			buildActionMask = 2147483647;
			files = (
				D3B149751998A68200F83FA7 /* TencentOpenApi_IOS_Bundle.bundle in Resources */,
				D361D51F1998897F004B86AF /* 04-1_03.png in Resources */,
				D30DDBA61995ED39007A8A9C /* 07_07.png in Resources */,
				D30DDBAB1995ED39007A8A9C /* 09-1_03.png in Resources */,
				D30DDBAE1995ED39007A8A9C /* 09-2_03.png in Resources */,
				D30DDBB11995ED39007A8A9C /* 09-2_15.png in Resources */,
				D348EE511999CD4200066239 /* 04_062.png in Resources */,
				D30DDB9A1995ED39007A8A9C /* 04_17.png in Resources */,
				D30DDB961995ED39007A8A9C /* 04_03.png in Resources */,
				D30DDB901995ED39007A8A9C /* 03-1_15.png in Resources */,
				D348EE4F1999CD4200066239 /* 04_032.png in Resources */,
				D3B149691998A64600F83FA7 /* qzone0.jpg in Resources */,
				D361D52719988FDD004B86AF /* _03.png in Resources */,
				D3B149671998A64600F83FA7 /* closeimg.png in Resources */,
				D3B149701998A64600F83FA7 /* title_btn.png in Resources */,
				D3B1496A1998A64600F83FA7 /* qzone1.jpg in Resources */,
				D30DDBB41995ED39007A8A9C /* 09_06.png in Resources */,
				D30DDB941995ED39007A8A9C /* 03-1_34.png in Resources */,
				D3B149661998A64600F83FA7 /* close_btn_src_normal.png in Resources */,
				D348EE501999CD4200066239 /* 04_052.png in Resources */,
				D361D5231998898B004B86AF /* 03-2_03.png in Resources */,
				D30DDB8D1995ED39007A8A9C /* 03-1_06.png in Resources */,
				D3B149B11999AE2600F83FA7 /* 注册_03.png in Resources */,
				D361D5241998898B004B86AF /* 03-2_07.png in Resources */,
				D361D51519986C9A004B86AF /* 字_03.png in Resources */,
				D30DDBA01995ED39007A8A9C /* 06_03.png in Resources */,
				D30DDBAC1995ED39007A8A9C /* 09-1_07.png in Resources */,
				D3B149711998A64600F83FA7 /* toolbar.png in Resources */,
				D30DDB991995ED39007A8A9C /* 04_14.png in Resources */,
				D3B149AB1999A90D00F83FA7 /* 091_03.png in Resources */,
				D30DDBA91995ED39007A8A9C /* 07_15.png in Resources */,
				D30DDB9C1995ED39007A8A9C /* 04_23.png in Resources */,
				D30DDB9F1995ED39007A8A9C /* 04_35.png in Resources */,
				D30DDB9D1995ED39007A8A9C /* 04_26.png in Resources */,
				D361D5251998898B004B86AF /* 03-2_11.png in Resources */,
				D3B1496E1998A64600F83FA7 /* qzone5.jpg in Resources */,
				D30DDB971995ED39007A8A9C /* 04_07.png in Resources */,
				D30DDBAF1995ED39007A8A9C /* 09-2_07.png in Resources */,
				D30DDBA71995ED39007A8A9C /* 07_11.png in Resources */,
				D3B149641998A64600F83FA7 /* buttonhover.png in Resources */,
				D30DDBB71995ED39007A8A9C /* 12_06.png in Resources */,
				D30DDB8C1995ED39007A8A9C /* 03-1_03.png in Resources */,
				D361D51619986C9A004B86AF /* 字2_03.png in Resources */,
				D30DDBB01995ED39007A8A9C /* 09-2_11.png in Resources */,
				D30DDBAA1995ED39007A8A9C /* 07_17.png in Resources */,
				D30DDBA81995ED39007A8A9C /* 07_13.png in Resources */,
				D30DDB981995ED39007A8A9C /* 04_09.png in Resources */,
				D3B149651998A64600F83FA7 /* buttonnormal.png in Resources */,
				D30DDB371994B897007A8A9C /* InfoPlist.strings in Resources */,
				D30DDB8F1995ED39007A8A9C /* 03-1_12.png in Resources */,
				D30DDBA11995ED39007A8A9C /* 06_06.png in Resources */,
				D30DDB3F1994B897007A8A9C /* Images.xcassets in Resources */,
				D30DDB921995ED39007A8A9C /* 03-1_24.png in Resources */,
				D3B1496F1998A64600F83FA7 /* ShareViewController.xib in Resources */,
				D30DDB9E1995ED39007A8A9C /* 04_32.png in Resources */,
				D30DDB931995ED39007A8A9C /* 03-1_30.png in Resources */,
				D3B149A61999A3DA00F83FA7 /* gps.db in Resources */,
				D30DDBB51995ED39007A8A9C /* 09_08.png in Resources */,
				D30DDBB21995ED39007A8A9C /* 09-2_19.png in Resources */,
				D30DDB951995ED39007A8A9C /* 03_03.png in Resources */,
				D3B149681998A64600F83FA7 /* mm.png in Resources */,
				D30DDBA51995ED39007A8A9C /* 07_03.png in Resources */,
				D30DDBA31995ED39007A8A9C /* 06_15.png in Resources */,
				D3B1496B1998A64600F83FA7 /* qzone2.jpg in Resources */,
				D30DDB9B1995ED39007A8A9C /* 04_20.png in Resources */,
				D3B149881998ADA300F83FA7 /* WeiboSDK.bundle in Resources */,
				D3B1499A1998DD6200F83FA7 /* nature.jpg in Resources */,
				D30DDBA21995ED39007A8A9C /* 06_11.png in Resources */,
				D30DDBA41995ED39007A8A9C /* 06_18.png in Resources */,
				D30DDBB61995ED39007A8A9C /* 12_03.png in Resources */,
				D3B149AD1999A99300F83FA7 /* 09-2_032.png in Resources */,
				D30DDB911995ED39007A8A9C /* 03-1_17.png in Resources */,
				D30DDBAD1995ED39007A8A9C /* 09-1_11.png in Resources */,
				D3B1496C1998A64600F83FA7 /* qzone3.jpg in Resources */,
				D30DDB8E1995ED39007A8A9C /* 03-1_09.png in Resources */,
				D30DDBB31995ED39007A8A9C /* 09_03.png in Resources */,
				D3B1496D1998A64600F83FA7 /* qzone4.jpg in Resources */,
				D3B149AF1999AE1B00F83FA7 /* 登陆_03.png in Resources */,
			);
			runOnlyForDeploymentPostprocessing = 0;
		};
		D30DDB421994B897007A8A9C /* Resources */ = {
			isa = PBXResourcesBuildPhase;
			buildActionMask = 2147483647;
			files = (
				D30DDB501994B897007A8A9C /* InfoPlist.strings in Resources */,
			);
			runOnlyForDeploymentPostprocessing = 0;
		};
/* End PBXResourcesBuildPhase section */

/* Begin PBXSourcesBuildPhase section */
		D30DDB251994B897007A8A9C /* Sources */ = {
			isa = PBXSourcesBuildPhase;
			buildActionMask = 2147483647;
			files = (
				D361D51919987A3B004B86AF /* Camera.m in Sources */,
				D30DDB3D1994B897007A8A9C /* AppDelegate.m in Sources */,
				D30DDB391994B897007A8A9C /* main.m in Sources */,
				D361D51D19987D2C004B86AF /* ReleasePageViewController.m in Sources */,
				D348EE621999D8F500066239 /* EGOImageLoader.m in Sources */,
				D348EE601999D8F500066239 /* EGOCache.m in Sources */,
				D348EE4B1999CCBB00066239 /* DetailContentTableViewCell.m in Sources */,
				D3B1495419989F8B00F83FA7 /* LoginViewController.m in Sources */,
				D361D51219985A72004B86AF /* HomePageTopContentView.m in Sources */,
				D348EE631999D8F600066239 /* EGOImageView.m in Sources */,
				D3B149981998DA4800F83FA7 /* UIImage+BoxBlur.m in Sources */,
				D3B149B81999B4F700F83FA7 /* DetailHeadTableViewCell.m in Sources */,
				D348EE541999D2CF00066239 /* Message.m in Sources */,
				D348EE611999D8F500066239 /* EGOImageLoadConnection.m in Sources */,
				D361D50F19984F1C004B86AF /* HomePageTopView.m in Sources */,
				D33E25F71999BE7F0068C2C5 /* DetailContactTableViewCell.m in Sources */,
				D361D52A1998980D004B86AF /* HomePageDefaultTableViewCell.m in Sources */,
				D348EE481999C85900066239 /* ToolView.m in Sources */,
				D3B149971998DA4800F83FA7 /* ANBlurredImageView.m in Sources */,
				D3B149A71999A3DA00F83FA7 /* CSqlite.m in Sources */,
				D30DDB5E1994CCED007A8A9C /* HomePageViewController.m in Sources */,
				D30DDBBA1996230C007A8A9C /* HomePageTableViewCell.m in Sources */,
				D3B149B51999B04A00F83FA7 /* DetailViewController.m in Sources */,
			);
			runOnlyForDeploymentPostprocessing = 0;
		};
		D30DDB401994B897007A8A9C /* Sources */ = {
			isa = PBXSourcesBuildPhase;
			buildActionMask = 2147483647;
			files = (
				D30DDB521994B897007A8A9C /* MUCHTests.m in Sources */,
			);
			runOnlyForDeploymentPostprocessing = 0;
		};
/* End PBXSourcesBuildPhase section */

/* Begin PBXTargetDependency section */
		D30DDB4A1994B897007A8A9C /* PBXTargetDependency */ = {
			isa = PBXTargetDependency;
			target = D30DDB281994B897007A8A9C /* MUCH */;
			targetProxy = D30DDB491994B897007A8A9C /* PBXContainerItemProxy */;
		};
/* End PBXTargetDependency section */

/* Begin PBXVariantGroup section */
		D30DDB351994B897007A8A9C /* InfoPlist.strings */ = {
			isa = PBXVariantGroup;
			children = (
				D30DDB361994B897007A8A9C /* en */,
			);
			name = InfoPlist.strings;
			sourceTree = "<group>";
		};
		D30DDB4E1994B897007A8A9C /* InfoPlist.strings */ = {
			isa = PBXVariantGroup;
			children = (
				D30DDB4F1994B897007A8A9C /* en */,
			);
			name = InfoPlist.strings;
			sourceTree = "<group>";
		};
/* End PBXVariantGroup section */

/* Begin XCBuildConfiguration section */
		D30DDB531994B897007A8A9C /* Debug */ = {
			isa = XCBuildConfiguration;
			buildSettings = {
				ALWAYS_SEARCH_USER_PATHS = NO;
				CLANG_CXX_LANGUAGE_STANDARD = "gnu++0x";
				CLANG_CXX_LIBRARY = "libc++";
				CLANG_ENABLE_MODULES = YES;
				CLANG_ENABLE_OBJC_ARC = YES;
				CLANG_WARN_BOOL_CONVERSION = YES;
				CLANG_WARN_CONSTANT_CONVERSION = YES;
				CLANG_WARN_DIRECT_OBJC_ISA_USAGE = YES_ERROR;
				CLANG_WARN_EMPTY_BODY = YES;
				CLANG_WARN_ENUM_CONVERSION = YES;
				CLANG_WARN_INT_CONVERSION = YES;
				CLANG_WARN_OBJC_ROOT_CLASS = YES_ERROR;
				CLANG_WARN__DUPLICATE_METHOD_MATCH = YES;
				CODE_SIGN_IDENTITY = "iPhone Developer: Hua Ye (87BWFFQURA)";
				"CODE_SIGN_IDENTITY[sdk=iphoneos*]" = "iPhone Developer: Hua Ye (87BWFFQURA)";
				COPY_PHASE_STRIP = NO;
				GCC_C_LANGUAGE_STANDARD = gnu99;
				GCC_DYNAMIC_NO_PIC = NO;
				GCC_OPTIMIZATION_LEVEL = 0;
				GCC_PREPROCESSOR_DEFINITIONS = (
					"DEBUG=1",
					"$(inherited)",
				);
				GCC_SYMBOLS_PRIVATE_EXTERN = NO;
				GCC_WARN_64_TO_32_BIT_CONVERSION = YES;
				GCC_WARN_ABOUT_RETURN_TYPE = YES_ERROR;
				GCC_WARN_UNDECLARED_SELECTOR = YES;
				GCC_WARN_UNINITIALIZED_AUTOS = YES_AGGRESSIVE;
				GCC_WARN_UNUSED_FUNCTION = YES;
				GCC_WARN_UNUSED_VARIABLE = YES;
				IPHONEOS_DEPLOYMENT_TARGET = 7.1;
				ONLY_ACTIVE_ARCH = YES;
				SDKROOT = iphoneos;
			};
			name = Debug;
		};
		D30DDB541994B897007A8A9C /* Release */ = {
			isa = XCBuildConfiguration;
			buildSettings = {
				ALWAYS_SEARCH_USER_PATHS = NO;
				CLANG_CXX_LANGUAGE_STANDARD = "gnu++0x";
				CLANG_CXX_LIBRARY = "libc++";
				CLANG_ENABLE_MODULES = YES;
				CLANG_ENABLE_OBJC_ARC = YES;
				CLANG_WARN_BOOL_CONVERSION = YES;
				CLANG_WARN_CONSTANT_CONVERSION = YES;
				CLANG_WARN_DIRECT_OBJC_ISA_USAGE = YES_ERROR;
				CLANG_WARN_EMPTY_BODY = YES;
				CLANG_WARN_ENUM_CONVERSION = YES;
				CLANG_WARN_INT_CONVERSION = YES;
				CLANG_WARN_OBJC_ROOT_CLASS = YES_ERROR;
				CLANG_WARN__DUPLICATE_METHOD_MATCH = YES;
				CODE_SIGN_IDENTITY = "iPhone Developer: Hua Ye (87BWFFQURA)";
				"CODE_SIGN_IDENTITY[sdk=iphoneos*]" = "iPhone Developer: Hua Ye (87BWFFQURA)";
				COPY_PHASE_STRIP = YES;
				ENABLE_NS_ASSERTIONS = NO;
				GCC_C_LANGUAGE_STANDARD = gnu99;
				GCC_WARN_64_TO_32_BIT_CONVERSION = YES;
				GCC_WARN_ABOUT_RETURN_TYPE = YES_ERROR;
				GCC_WARN_UNDECLARED_SELECTOR = YES;
				GCC_WARN_UNINITIALIZED_AUTOS = YES_AGGRESSIVE;
				GCC_WARN_UNUSED_FUNCTION = YES;
				GCC_WARN_UNUSED_VARIABLE = YES;
				IPHONEOS_DEPLOYMENT_TARGET = 7.1;
				SDKROOT = iphoneos;
				VALIDATE_PRODUCT = YES;
			};
			name = Release;
		};
		D30DDB561994B897007A8A9C /* Debug */ = {
			isa = XCBuildConfiguration;
			buildSettings = {
				ARCHS = "$(ARCHS_STANDARD)";
				ASSETCATALOG_COMPILER_APPICON_NAME = AppIcon;
				ASSETCATALOG_COMPILER_LAUNCHIMAGE_NAME = LaunchImage;
				CODE_SIGN_IDENTITY = "iPhone Developer: Hua Ye (87BWFFQURA)";
				"CODE_SIGN_IDENTITY[sdk=iphoneos*]" = "iPhone Developer: Hua Ye (87BWFFQURA)";
				FRAMEWORK_SEARCH_PATHS = (
					"$(inherited)",
					"$(PROJECT_DIR)/MUCH/Tools/qq",
				);
				GCC_PRECOMPILE_PREFIX_HEADER = YES;
				GCC_PREFIX_HEADER = "MUCH/MUCH-Prefix.pch";
				INFOPLIST_FILE = "MUCH/MUCH-Info.plist";
				LIBRARY_SEARCH_PATHS = (
					"$(inherited)",
					"$(PROJECT_DIR)/MUCH/Tools/sina/libWeiboSDK",
				);
				ONLY_ACTIVE_ARCH = NO;
				OTHER_LDFLAGS = "-objc";
				PRODUCT_NAME = "$(TARGET_NAME)";
				PROVISIONING_PROFILE = "";
				VALID_ARCHS = "armv7 armv7s";
				WRAPPER_EXTENSION = app;
			};
			name = Debug;
		};
		D30DDB571994B897007A8A9C /* Release */ = {
			isa = XCBuildConfiguration;
			buildSettings = {
				ARCHS = "$(ARCHS_STANDARD)";
				ASSETCATALOG_COMPILER_APPICON_NAME = AppIcon;
				ASSETCATALOG_COMPILER_LAUNCHIMAGE_NAME = LaunchImage;
				CODE_SIGN_IDENTITY = "iPhone Developer: Hua Ye (87BWFFQURA)";
				"CODE_SIGN_IDENTITY[sdk=iphoneos*]" = "iPhone Developer: Hua Ye (87BWFFQURA)";
				FRAMEWORK_SEARCH_PATHS = (
					"$(inherited)",
					"$(PROJECT_DIR)/MUCH/Tools/qq",
				);
				GCC_PRECOMPILE_PREFIX_HEADER = YES;
				GCC_PREFIX_HEADER = "MUCH/MUCH-Prefix.pch";
				INFOPLIST_FILE = "MUCH/MUCH-Info.plist";
				LIBRARY_SEARCH_PATHS = (
					"$(inherited)",
					"$(PROJECT_DIR)/MUCH/Tools/sina/libWeiboSDK",
				);
				OTHER_LDFLAGS = "-objc";
				PRODUCT_NAME = "$(TARGET_NAME)";
				PROVISIONING_PROFILE = "";
				VALID_ARCHS = "armv7 armv7s";
				WRAPPER_EXTENSION = app;
			};
			name = Release;
		};
		D30DDB591994B897007A8A9C /* Debug */ = {
			isa = XCBuildConfiguration;
			buildSettings = {
				BUNDLE_LOADER = "$(BUILT_PRODUCTS_DIR)/MUCH.app/MUCH";
				FRAMEWORK_SEARCH_PATHS = (
					"$(SDKROOT)/Developer/Library/Frameworks",
					"$(inherited)",
					"$(DEVELOPER_FRAMEWORKS_DIR)",
				);
				GCC_PRECOMPILE_PREFIX_HEADER = YES;
				GCC_PREFIX_HEADER = "MUCH/MUCH-Prefix.pch";
				GCC_PREPROCESSOR_DEFINITIONS = (
					"DEBUG=1",
					"$(inherited)",
				);
				INFOPLIST_FILE = "MUCHTests/MUCHTests-Info.plist";
				PRODUCT_NAME = "$(TARGET_NAME)";
				TEST_HOST = "$(BUNDLE_LOADER)";
				WRAPPER_EXTENSION = xctest;
			};
			name = Debug;
		};
		D30DDB5A1994B897007A8A9C /* Release */ = {
			isa = XCBuildConfiguration;
			buildSettings = {
				BUNDLE_LOADER = "$(BUILT_PRODUCTS_DIR)/MUCH.app/MUCH";
				FRAMEWORK_SEARCH_PATHS = (
					"$(SDKROOT)/Developer/Library/Frameworks",
					"$(inherited)",
					"$(DEVELOPER_FRAMEWORKS_DIR)",
				);
				GCC_PRECOMPILE_PREFIX_HEADER = YES;
				GCC_PREFIX_HEADER = "MUCH/MUCH-Prefix.pch";
				INFOPLIST_FILE = "MUCHTests/MUCHTests-Info.plist";
				PRODUCT_NAME = "$(TARGET_NAME)";
				TEST_HOST = "$(BUNDLE_LOADER)";
				WRAPPER_EXTENSION = xctest;
			};
			name = Release;
		};
/* End XCBuildConfiguration section */

/* Begin XCConfigurationList section */
		D30DDB241994B897007A8A9C /* Build configuration list for PBXProject "MUCH" */ = {
			isa = XCConfigurationList;
			buildConfigurations = (
				D30DDB531994B897007A8A9C /* Debug */,
				D30DDB541994B897007A8A9C /* Release */,
			);
			defaultConfigurationIsVisible = 0;
			defaultConfigurationName = Release;
		};
		D30DDB551994B897007A8A9C /* Build configuration list for PBXNativeTarget "MUCH" */ = {
			isa = XCConfigurationList;
			buildConfigurations = (
				D30DDB561994B897007A8A9C /* Debug */,
				D30DDB571994B897007A8A9C /* Release */,
			);
			defaultConfigurationIsVisible = 0;
			defaultConfigurationName = Release;
		};
		D30DDB581994B897007A8A9C /* Build configuration list for PBXNativeTarget "MUCHTests" */ = {
			isa = XCConfigurationList;
			buildConfigurations = (
				D30DDB591994B897007A8A9C /* Debug */,
				D30DDB5A1994B897007A8A9C /* Release */,
			);
			defaultConfigurationIsVisible = 0;
			defaultConfigurationName = Release;
		};
/* End XCConfigurationList section */
	};
	rootObject = D30DDB211994B897007A8A9C /* Project object */;
}
